
Microsoft Visual Studio Solution File, Format Version 12.00
# Visual Studio Version 17
VisualStudioVersion = 17.3.32901.215
MinimumVisualStudioVersion = 10.0.40219.1
Project("{8BC9CEB8-8B4A-11D0-8D11-00A0C91BC942}") = "5-1", "5-1\5-1.vcxproj", "{DEF26156-2DAF-4555-9EFD-DBB413E71A5D}"
EndProject
Project("{8BC9CEB8-8B4A-11D0-8D11-00A0C91BC942}") = "5-2", "5-2\5-2.vcxproj", "{677F68C1-4978-410D-BBE5-241D628943E9}"
EndProject
Project("{8BC9CEB8-8B4A-11D0-8D11-00A0C91BC942}") = "5-3", "5-3\5-3.vcxproj", "{945A672C-E0D3-4C34-A9E2-7C29CEFF9C39}"
EndProject
Project("{8BC9CEB8-8B4A-11D0-8D11-00A0C91BC942}") = "5-4", "5-4\5-4.vcxproj", "{E9DDB9BB-F9CA-48BF-A289-1E5B475A0B2C}"
EndProject
Project("{8BC9CEB8-8B4A-11D0-8D11-00A0C91BC942}") = "5-5", "5-5\5-5.vcxproj", "{39928FBE-F52E-45C2-93F5-531CDFDEEF4C}"
EndProject
Project("{8BC9CEB8-8B4A-11D0-8D11-00A0C91BC942}") = "5-6", "5-6\5-6.vcxproj", "{81164352-E71A-4605-A111-F8048A6A8220}"
EndProject
Project("{8BC9CEB8-8B4A-11D0-8D11-00A0C91BC942}") = "5-7", "5-7\5-7.vcxproj", "{36A59363-7083-42CD-AED2-E21771BD34BD}"
EndProject
Project("{8BC9CEB8-8B4A-11D0-8D11-00A0C91BC942}") = "5-8", "5-8\5-8.vcxproj", "{B3A08ADF-DB4D-453C-8629-5E1CF120988D}"
EndProject
Project("{8BC9CEB8-8B4A-11D0-8D11-00A0C91BC942}") = "5-9", "5-9\5-9.vcxproj", "{A9CD47A9-2848-4F70-A066-3499565D8C52}"
EndProject
Project("{8BC9CEB8-8B4A-11D0-8D11-00A0C91BC942}") = "5-10", "5-10\5-10.vcxproj", "{2DB81B99-D338-471C-82C0-385AE1E522C4}"
EndProject
Project("{8BC9CEB8-8B4A-11D0-8D11-00A0C91BC942}") = "5-11", "5-11\5-11.vcxproj", "{D85AD744-3FA6-4ADD-97EB-542EC8DCED5E}"
EndProject
Project("{8BC9CEB8-8B4A-11D0-8D11-00A0C91BC942}") = "5-12", "5-12\5-12.vcxproj", "{FD29B357-DD48-4EC4-B97E-3B50771E80C4}"
EndProject
Project("{8BC9CEB8-8B4A-11D0-8D11-00A0C91BC942}") = "5-12(2)", "5-12(2)\5-12(2).vcxproj", "{33B09877-9738-48AF-8D5A-EFEE2EDD562F}"
EndProject
Global
	GlobalSection(SolutionConfigurationPlatforms) = preSolution
		Debug|x64 = Debug|x64
		Debug|x86 = Debug|x86
		Release|x64 = Release|x64
		Release|x86 = Release|x86
	EndGlobalSection
	GlobalSection(ProjectConfigurationPlatforms) = postSolution
		{DEF26156-2DAF-4555-9EFD-DBB413E71A5D}.Debug|x64.ActiveCfg = Debug|x64
		{DEF26156-2DAF-4555-9EFD-DBB413E71A5D}.Debug|x64.Build.0 = Debug|x64
		{DEF26156-2DAF-4555-9EFD-DBB413E71A5D}.Debug|x86.ActiveCfg = Debug|Win32
		{DEF26156-2DAF-4555-9EFD-DBB413E71A5D}.Debug|x86.Build.0 = Debug|Win32
		{DEF26156-2DAF-4555-9EFD-DBB413E71A5D}.Release|x64.ActiveCfg = Release|x64
		{DEF26156-2DAF-4555-9EFD-DBB413E71A5D}.Release|x64.Build.0 = Release|x64
		{DEF26156-2DAF-4555-9EFD-DBB413E71A5D}.Release|x86.ActiveCfg = Release|Win32
		{DEF26156-2DAF-4555-9EFD-DBB413E71A5D}.Release|x86.Build.0 = Release|Win32
		{677F68C1-4978-410D-BBE5-241D628943E9}.Debug|x64.ActiveCfg = Debug|x64
		{677F68C1-4978-410D-BBE5-241D628943E9}.Debug|x64.Build.0 = Debug|x64
		{677F68C1-4978-410D-BBE5-241D628943E9}.Debug|x86.ActiveCfg = Debug|Win32
		{677F68C1-4978-410D-BBE5-241D628943E9}.Debug|x86.Build.0 = Debug|Win32
		{677F68C1-4978-410D-BBE5-241D628943E9}.Release|x64.ActiveCfg = Release|x64
		{677F68C1-4978-410D-BBE5-241D628943E9}.Release|x64.Build.0 = Release|x64
		{677F68C1-4978-410D-BBE5-241D628943E9}.Release|x86.ActiveCfg = Release|Win32
		{677F68C1-4978-410D-BBE5-241D628943E9}.Release|x86.Build.0 = Release|Win32
		{945A672C-E0D3-4C34-A9E2-7C29CEFF9C39}.Debug|x64.ActiveCfg = Debug|x64
		{945A672C-E0D3-4C34-A9E2-7C29CEFF9C39}.Debug|x64.Build.0 = Debug|x64
		{945A672C-E0D3-4C34-A9E2-7C29CEFF9C39}.Debug|x86.ActiveCfg = Debug|Win32
		{945A672C-E0D3-4C34-A9E2-7C29CEFF9C39}.Debug|x86.Build.0 = Debug|Win32
		{945A672C-E0D3-4C34-A9E2-7C29CEFF9C39}.Release|x64.ActiveCfg = Release|x64
		{945A672C-E0D3-4C34-A9E2-7C29CEFF9C39}.Release|x64.Build.0 = Release|x64
		{945A672C-E0D3-4C34-A9E2-7C29CEFF9C39}.Release|x86.ActiveCfg = Release|Win32
		{945A672C-E0D3-4C34-A9E2-7C29CEFF9C39}.Release|x86.Build.0 = Release|Win32
		{E9DDB9BB-F9CA-48BF-A289-1E5B475A0B2C}.Debug|x64.ActiveCfg = Debug|x64
		{E9DDB9BB-F9CA-48BF-A289-1E5B475A0B2C}.Debug|x64.Build.0 = Debug|x64
		{E9DDB9BB-F9CA-48BF-A289-1E5B475A0B2C}.Debug|x86.ActiveCfg = Debug|Win32
		{E9DDB9BB-F9CA-48BF-A289-1E5B475A0B2C}.Debug|x86.Build.0 = Debug|Win32
		{E9DDB9BB-F9CA-48BF-A289-1E5B475A0B2C}.Release|x64.ActiveCfg = Release|x64
		{E9DDB9BB-F9CA-48BF-A289-1E5B475A0B2C}.Release|x64.Build.0 = Release|x64
		{E9DDB9BB-F9CA-48BF-A289-1E5B475A0B2C}.Release|x86.ActiveCfg = Release|Win32
		{E9DDB9BB-F9CA-48BF-A289-1E5B475A0B2C}.Release|x86.Build.0 = Release|Win32
		{39928FBE-F52E-45C2-93F5-531CDFDEEF4C}.Debug|x64.ActiveCfg = Debug|x64
		{39928FBE-F52E-45C2-93F5-531CDFDEEF4C}.Debug|x64.Build.0 = Debug|x64
		{39928FBE-F52E-45C2-93F5-531CDFDEEF4C}.Debug|x86.ActiveCfg = Debug|Win32
		{39928FBE-F52E-45C2-93F5-531CDFDEEF4C}.Debug|x86.Build.0 = Debug|Win32
		{39928FBE-F52E-45C2-93F5-531CDFDEEF4C}.Release|x64.ActiveCfg = Release|x64
		{39928FBE-F52E-45C2-93F5-531CDFDEEF4C}.Release|x64.Build.0 = Release|x64
		{39928FBE-F52E-45C2-93F5-531CDFDEEF4C}.Release|x86.ActiveCfg = Release|Win32
		{39928FBE-F52E-45C2-93F5-531CDFDEEF4C}.Release|x86.Build.0 = Release|Win32
		{81164352-E71A-4605-A111-F8048A6A8220}.Debug|x64.ActiveCfg = Debug|x64
		{81164352-E71A-4605-A111-F8048A6A8220}.Debug|x64.Build.0 = Debug|x64
		{81164352-E71A-4605-A111-F8048A6A8220}.Debug|x86.ActiveCfg = Debug|Win32
		{81164352-E71A-4605-A111-F8048A6A8220}.Debug|x86.Build.0 = Debug|Win32
		{81164352-E71A-4605-A111-F8048A6A8220}.Release|x64.ActiveCfg = Release|x64
		{81164352-E71A-4605-A111-F8048A6A8220}.Release|x64.Build.0 = Release|x64
		{81164352-E71A-4605-A111-F8048A6A8220}.Release|x86.ActiveCfg = Release|Win32
		{81164352-E71A-4605-A111-F8048A6A8220}.Release|x86.Build.0 = Release|Win32
		{36A59363-7083-42CD-AED2-E21771BD34BD}.Debug|x64.ActiveCfg = Debug|x64
		{36A59363-7083-42CD-AED2-E21771BD34BD}.Debug|x64.Build.0 = Debug|x64
		{36A59363-7083-42CD-AED2-E21771BD34BD}.Debug|x86.ActiveCfg = Debug|Win32
		{36A59363-7083-42CD-AED2-E21771BD34BD}.Debug|x86.Build.0 = Debug|Win32
		{36A59363-7083-42CD-AED2-E21771BD34BD}.Release|x64.ActiveCfg = Release|x64
		{36A59363-7083-42CD-AED2-E21771BD34BD}.Release|x64.Build.0 = Release|x64
		{36A59363-7083-42CD-AED2-E21771BD34BD}.Release|x86.ActiveCfg = Release|Win32
		{36A59363-7083-42CD-AED2-E21771BD34BD}.Release|x86.Build.0 = Release|Win32
		{B3A08ADF-DB4D-453C-8629-5E1CF120988D}.Debug|x64.ActiveCfg = Debug|x64
		{B3A08ADF-DB4D-453C-8629-5E1CF120988D}.Debug|x64.Build.0 = Debug|x64
		{B3A08ADF-DB4D-453C-8629-5E1CF120988D}.Debug|x86.ActiveCfg = Debug|Win32
		{B3A08ADF-DB4D-453C-8629-5E1CF120988D}.Debug|x86.Build.0 = Debug|Win32
		{B3A08ADF-DB4D-453C-8629-5E1CF120988D}.Release|x64.ActiveCfg = Release|x64
		{B3A08ADF-DB4D-453C-8629-5E1CF120988D}.Release|x64.Build.0 = Release|x64
		{B3A08ADF-DB4D-453C-8629-5E1CF120988D}.Release|x86.ActiveCfg = Release|Win32
		{B3A08ADF-DB4D-453C-8629-5E1CF120988D}.Release|x86.Build.0 = Release|Win32
		{A9CD47A9-2848-4F70-A066-3499565D8C52}.Debug|x64.ActiveCfg = Debug|x64
		{A9CD47A9-2848-4F70-A066-3499565D8C52}.Debug|x64.Build.0 = Debug|x64
		{A9CD47A9-2848-4F70-A066-3499565D8C52}.Debug|x86.ActiveCfg = Debug|Win32
		{A9CD47A9-2848-4F70-A066-3499565D8C52}.Debug|x86.Build.0 = Debug|Win32
		{A9CD47A9-2848-4F70-A066-3499565D8C52}.Release|x64.ActiveCfg = Release|x64
		{A9CD47A9-2848-4F70-A066-3499565D8C52}.Release|x64.Build.0 = Release|x64
		{A9CD47A9-2848-4F70-A066-3499565D8C52}.Release|x86.ActiveCfg = Release|Win32
		{A9CD47A9-2848-4F70-A066-3499565D8C52}.Release|x86.Build.0 = Release|Win32
		{2DB81B99-D338-471C-82C0-385AE1E522C4}.Debug|x64.ActiveCfg = Debug|x64
		{2DB81B99-D338-471C-82C0-385AE1E522C4}.Debug|x64.Build.0 = Debug|x64
		{2DB81B99-D338-471C-82C0-385AE1E522C4}.Debug|x86.ActiveCfg = Debug|Win32
		{2DB81B99-D338-471C-82C0-385AE1E522C4}.Debug|x86.Build.0 = Debug|Win32
		{2DB81B99-D338-471C-82C0-385AE1E522C4}.Release|x64.ActiveCfg = Release|x64
		{2DB81B99-D338-471C-82C0-385AE1E522C4}.Release|x64.Build.0 = Release|x64
		{2DB81B99-D338-471C-82C0-385AE1E522C4}.Release|x86.ActiveCfg = Release|Win32
		{2DB81B99-D338-471C-82C0-385AE1E522C4}.Release|x86.Build.0 = Release|Win32
		{D85AD744-3FA6-4ADD-97EB-542EC8DCED5E}.Debug|x64.ActiveCfg = Debug|x64
		{D85AD744-3FA6-4ADD-97EB-542EC8DCED5E}.Debug|x64.Build.0 = Debug|x64
		{D85AD744-3FA6-4ADD-97EB-542EC8DCED5E}.Debug|x86.ActiveCfg = Debug|Win32
		{D85AD744-3FA6-4ADD-97EB-542EC8DCED5E}.Debug|x86.Build.0 = Debug|Win32
		{D85AD744-3FA6-4ADD-97EB-542EC8DCED5E}.Release|x64.ActiveCfg = Release|x64
		{D85AD744-3FA6-4ADD-97EB-542EC8DCED5E}.Release|x64.Build.0 = Release|x64
		{D85AD744-3FA6-4ADD-97EB-542EC8DCED5E}.Release|x86.ActiveCfg = Release|Win32
		{D85AD744-3FA6-4ADD-97EB-542EC8DCED5E}.Release|x86.Build.0 = Release|Win32
		{FD29B357-DD48-4EC4-B97E-3B50771E80C4}.Debug|x64.ActiveCfg = Debug|x64
		{FD29B357-DD48-4EC4-B97E-3B50771E80C4}.Debug|x64.Build.0 = Debug|x64
		{FD29B357-DD48-4EC4-B97E-3B50771E80C4}.Debug|x86.ActiveCfg = Debug|Win32
		{FD29B357-DD48-4EC4-B97E-3B50771E80C4}.Debug|x86.Build.0 = Debug|Win32
		{FD29B357-DD48-4EC4-B97E-3B50771E80C4}.Release|x64.ActiveCfg = Release|x64
		{FD29B357-DD48-4EC4-B97E-3B50771E80C4}.Release|x64.Build.0 = Release|x64
		{FD29B357-DD48-4EC4-B97E-3B50771E80C4}.Release|x86.ActiveCfg = Release|Win32
		{FD29B357-DD48-4EC4-B97E-3B50771E80C4}.Release|x86.Build.0 = Release|Win32
		{33B09877-9738-48AF-8D5A-EFEE2EDD562F}.Debug|x64.ActiveCfg = Debug|x64
		{33B09877-9738-48AF-8D5A-EFEE2EDD562F}.Debug|x64.Build.0 = Debug|x64
		{33B09877-9738-48AF-8D5A-EFEE2EDD562F}.Debug|x86.ActiveCfg = Debug|Win32
		{33B09877-9738-48AF-8D5A-EFEE2EDD562F}.Debug|x86.Build.0 = Debug|Win32
		{33B09877-9738-48AF-8D5A-EFEE2EDD562F}.Release|x64.ActiveCfg = Release|x64
		{33B09877-9738-48AF-8D5A-EFEE2EDD562F}.Release|x64.Build.0 = Release|x64
		{33B09877-9738-48AF-8D5A-EFEE2EDD562F}.Release|x86.ActiveCfg = Release|Win32
		{33B09877-9738-48AF-8D5A-EFEE2EDD562F}.Release|x86.Build.0 = Release|Win32
	EndGlobalSection
	GlobalSection(SolutionProperties) = preSolution
		HideSolutionNode = FALSE
	EndGlobalSection
	GlobalSection(ExtensibilityGlobals) = postSolution
		SolutionGuid = {FFAEDBE0-BA28-4FAF-A438-02C486CB6A75}
	EndGlobalSection
EndGlobal
