
Microsoft Visual Studio Solution File, Format Version 12.00
# Visual Studio Version 17
VisualStudioVersion = 17.3.32901.215
MinimumVisualStudioVersion = 10.0.40219.1
Project("{8BC9CEB8-8B4A-11D0-8D11-00A0C91BC942}") = "2-1", "2-1\2-1.vcxproj", "{D5EA7DC8-1082-4AD5-AAA1-82B0BDF3A979}"
EndProject
Project("{8BC9CEB8-8B4A-11D0-8D11-00A0C91BC942}") = "2-2", "2-2\2-2.vcxproj", "{4AD66E2E-7CA6-4755-9DC4-D1191D35468B}"
EndProject
Project("{8BC9CEB8-8B4A-11D0-8D11-00A0C91BC942}") = "2-3", "2-3\2-3.vcxproj", "{486344B8-AF9F-4CBB-89B1-7C4AF6D25326}"
EndProject
Project("{8BC9CEB8-8B4A-11D0-8D11-00A0C91BC942}") = "2-4", "2-4\2-4.vcxproj", "{D236C71D-834E-4A5E-A4E9-848EC74086B4}"
EndProject
Project("{8BC9CEB8-8B4A-11D0-8D11-00A0C91BC942}") = "2-5", "2-5\2-5.vcxproj", "{2D258CF6-CD60-47E8-867D-B81F76B39B5B}"
EndProject
Project("{8BC9CEB8-8B4A-11D0-8D11-00A0C91BC942}") = "2-6", "2-6\2-6.vcxproj", "{0641EA9A-87B7-4CE0-A814-8C277F81DC8F}"
EndProject
Project("{8BC9CEB8-8B4A-11D0-8D11-00A0C91BC942}") = "2-7", "2-7\2-7.vcxproj", "{A24239C9-3F5F-43F0-B5C1-5E4B8662F292}"
EndProject
Project("{8BC9CEB8-8B4A-11D0-8D11-00A0C91BC942}") = "2-8", "2-8\2-8.vcxproj", "{52CF2420-6791-4B7A-8CF1-30CB2AD017E3}"
EndProject
Project("{8BC9CEB8-8B4A-11D0-8D11-00A0C91BC942}") = "2-9", "2-9\2-9.vcxproj", "{FBEBC2C9-2EA2-434B-A3AF-9BB3863D55EA}"
EndProject
Project("{8BC9CEB8-8B4A-11D0-8D11-00A0C91BC942}") = "2-10", "2-10\2-10.vcxproj", "{D3D71A86-CD47-4C28-9690-5E1358615C2D}"
EndProject
Project("{8BC9CEB8-8B4A-11D0-8D11-00A0C91BC942}") = "2-10(2)", "2-10(2)\2-10(2).vcxproj", "{EF82323C-EC55-40A3-B164-C8B41BFB899A}"
EndProject
Project("{8BC9CEB8-8B4A-11D0-8D11-00A0C91BC942}") = "2-11", "2-11\2-11.vcxproj", "{B5E0BC93-D7FB-4949-86AA-47F8F0DAE189}"
EndProject
Project("{8BC9CEB8-8B4A-11D0-8D11-00A0C91BC942}") = "2-12", "2-12\2-12.vcxproj", "{642361D4-4C35-491E-B2C3-1104A5D0C7B7}"
EndProject
Project("{8BC9CEB8-8B4A-11D0-8D11-00A0C91BC942}") = "2-13", "2-13\2-13.vcxproj", "{B2402222-81A7-4B50-835F-64031AAE8CB4}"
EndProject
Project("{8BC9CEB8-8B4A-11D0-8D11-00A0C91BC942}") = "2-14", "2-14\2-14.vcxproj", "{B676FA14-A027-42BA-A6E6-9CF5F6B51B96}"
EndProject
Project("{8BC9CEB8-8B4A-11D0-8D11-00A0C91BC942}") = "2-15", "2-15\2-15.vcxproj", "{11D4C1E9-B973-4634-B0C5-8996601358A7}"
EndProject
Project("{8BC9CEB8-8B4A-11D0-8D11-00A0C91BC942}") = "2-16", "2-16\2-16.vcxproj", "{CA43B127-EE28-49E3-8F83-52CCB87881AA}"
EndProject
Global
	GlobalSection(SolutionConfigurationPlatforms) = preSolution
		Debug|x64 = Debug|x64
		Debug|x86 = Debug|x86
		Release|x64 = Release|x64
		Release|x86 = Release|x86
	EndGlobalSection
	GlobalSection(ProjectConfigurationPlatforms) = postSolution
		{D5EA7DC8-1082-4AD5-AAA1-82B0BDF3A979}.Debug|x64.ActiveCfg = Debug|x64
		{D5EA7DC8-1082-4AD5-AAA1-82B0BDF3A979}.Debug|x64.Build.0 = Debug|x64
		{D5EA7DC8-1082-4AD5-AAA1-82B0BDF3A979}.Debug|x86.ActiveCfg = Debug|Win32
		{D5EA7DC8-1082-4AD5-AAA1-82B0BDF3A979}.Debug|x86.Build.0 = Debug|Win32
		{D5EA7DC8-1082-4AD5-AAA1-82B0BDF3A979}.Release|x64.ActiveCfg = Release|x64
		{D5EA7DC8-1082-4AD5-AAA1-82B0BDF3A979}.Release|x64.Build.0 = Release|x64
		{D5EA7DC8-1082-4AD5-AAA1-82B0BDF3A979}.Release|x86.ActiveCfg = Release|Win32
		{D5EA7DC8-1082-4AD5-AAA1-82B0BDF3A979}.Release|x86.Build.0 = Release|Win32
		{4AD66E2E-7CA6-4755-9DC4-D1191D35468B}.Debug|x64.ActiveCfg = Debug|x64
		{4AD66E2E-7CA6-4755-9DC4-D1191D35468B}.Debug|x64.Build.0 = Debug|x64
		{4AD66E2E-7CA6-4755-9DC4-D1191D35468B}.Debug|x86.ActiveCfg = Debug|Win32
		{4AD66E2E-7CA6-4755-9DC4-D1191D35468B}.Debug|x86.Build.0 = Debug|Win32
		{4AD66E2E-7CA6-4755-9DC4-D1191D35468B}.Release|x64.ActiveCfg = Release|x64
		{4AD66E2E-7CA6-4755-9DC4-D1191D35468B}.Release|x64.Build.0 = Release|x64
		{4AD66E2E-7CA6-4755-9DC4-D1191D35468B}.Release|x86.ActiveCfg = Release|Win32
		{4AD66E2E-7CA6-4755-9DC4-D1191D35468B}.Release|x86.Build.0 = Release|Win32
		{486344B8-AF9F-4CBB-89B1-7C4AF6D25326}.Debug|x64.ActiveCfg = Debug|x64
		{486344B8-AF9F-4CBB-89B1-7C4AF6D25326}.Debug|x64.Build.0 = Debug|x64
		{486344B8-AF9F-4CBB-89B1-7C4AF6D25326}.Debug|x86.ActiveCfg = Debug|Win32
		{486344B8-AF9F-4CBB-89B1-7C4AF6D25326}.Debug|x86.Build.0 = Debug|Win32
		{486344B8-AF9F-4CBB-89B1-7C4AF6D25326}.Release|x64.ActiveCfg = Release|x64
		{486344B8-AF9F-4CBB-89B1-7C4AF6D25326}.Release|x64.Build.0 = Release|x64
		{486344B8-AF9F-4CBB-89B1-7C4AF6D25326}.Release|x86.ActiveCfg = Release|Win32
		{486344B8-AF9F-4CBB-89B1-7C4AF6D25326}.Release|x86.Build.0 = Release|Win32
		{D236C71D-834E-4A5E-A4E9-848EC74086B4}.Debug|x64.ActiveCfg = Debug|x64
		{D236C71D-834E-4A5E-A4E9-848EC74086B4}.Debug|x64.Build.0 = Debug|x64
		{D236C71D-834E-4A5E-A4E9-848EC74086B4}.Debug|x86.ActiveCfg = Debug|Win32
		{D236C71D-834E-4A5E-A4E9-848EC74086B4}.Debug|x86.Build.0 = Debug|Win32
		{D236C71D-834E-4A5E-A4E9-848EC74086B4}.Release|x64.ActiveCfg = Release|x64
		{D236C71D-834E-4A5E-A4E9-848EC74086B4}.Release|x64.Build.0 = Release|x64
		{D236C71D-834E-4A5E-A4E9-848EC74086B4}.Release|x86.ActiveCfg = Release|Win32
		{D236C71D-834E-4A5E-A4E9-848EC74086B4}.Release|x86.Build.0 = Release|Win32
		{2D258CF6-CD60-47E8-867D-B81F76B39B5B}.Debug|x64.ActiveCfg = Debug|x64
		{2D258CF6-CD60-47E8-867D-B81F76B39B5B}.Debug|x64.Build.0 = Debug|x64
		{2D258CF6-CD60-47E8-867D-B81F76B39B5B}.Debug|x86.ActiveCfg = Debug|Win32
		{2D258CF6-CD60-47E8-867D-B81F76B39B5B}.Debug|x86.Build.0 = Debug|Win32
		{2D258CF6-CD60-47E8-867D-B81F76B39B5B}.Release|x64.ActiveCfg = Release|x64
		{2D258CF6-CD60-47E8-867D-B81F76B39B5B}.Release|x64.Build.0 = Release|x64
		{2D258CF6-CD60-47E8-867D-B81F76B39B5B}.Release|x86.ActiveCfg = Release|Win32
		{2D258CF6-CD60-47E8-867D-B81F76B39B5B}.Release|x86.Build.0 = Release|Win32
		{0641EA9A-87B7-4CE0-A814-8C277F81DC8F}.Debug|x64.ActiveCfg = Debug|x64
		{0641EA9A-87B7-4CE0-A814-8C277F81DC8F}.Debug|x64.Build.0 = Debug|x64
		{0641EA9A-87B7-4CE0-A814-8C277F81DC8F}.Debug|x86.ActiveCfg = Debug|Win32
		{0641EA9A-87B7-4CE0-A814-8C277F81DC8F}.Debug|x86.Build.0 = Debug|Win32
		{0641EA9A-87B7-4CE0-A814-8C277F81DC8F}.Release|x64.ActiveCfg = Release|x64
		{0641EA9A-87B7-4CE0-A814-8C277F81DC8F}.Release|x64.Build.0 = Release|x64
		{0641EA9A-87B7-4CE0-A814-8C277F81DC8F}.Release|x86.ActiveCfg = Release|Win32
		{0641EA9A-87B7-4CE0-A814-8C277F81DC8F}.Release|x86.Build.0 = Release|Win32
		{A24239C9-3F5F-43F0-B5C1-5E4B8662F292}.Debug|x64.ActiveCfg = Debug|x64
		{A24239C9-3F5F-43F0-B5C1-5E4B8662F292}.Debug|x64.Build.0 = Debug|x64
		{A24239C9-3F5F-43F0-B5C1-5E4B8662F292}.Debug|x86.ActiveCfg = Debug|Win32
		{A24239C9-3F5F-43F0-B5C1-5E4B8662F292}.Debug|x86.Build.0 = Debug|Win32
		{A24239C9-3F5F-43F0-B5C1-5E4B8662F292}.Release|x64.ActiveCfg = Release|x64
		{A24239C9-3F5F-43F0-B5C1-5E4B8662F292}.Release|x64.Build.0 = Release|x64
		{A24239C9-3F5F-43F0-B5C1-5E4B8662F292}.Release|x86.ActiveCfg = Release|Win32
		{A24239C9-3F5F-43F0-B5C1-5E4B8662F292}.Release|x86.Build.0 = Release|Win32
		{52CF2420-6791-4B7A-8CF1-30CB2AD017E3}.Debug|x64.ActiveCfg = Debug|x64
		{52CF2420-6791-4B7A-8CF1-30CB2AD017E3}.Debug|x64.Build.0 = Debug|x64
		{52CF2420-6791-4B7A-8CF1-30CB2AD017E3}.Debug|x86.ActiveCfg = Debug|Win32
		{52CF2420-6791-4B7A-8CF1-30CB2AD017E3}.Debug|x86.Build.0 = Debug|Win32
		{52CF2420-6791-4B7A-8CF1-30CB2AD017E3}.Release|x64.ActiveCfg = Release|x64
		{52CF2420-6791-4B7A-8CF1-30CB2AD017E3}.Release|x64.Build.0 = Release|x64
		{52CF2420-6791-4B7A-8CF1-30CB2AD017E3}.Release|x86.ActiveCfg = Release|Win32
		{52CF2420-6791-4B7A-8CF1-30CB2AD017E3}.Release|x86.Build.0 = Release|Win32
		{FBEBC2C9-2EA2-434B-A3AF-9BB3863D55EA}.Debug|x64.ActiveCfg = Debug|x64
		{FBEBC2C9-2EA2-434B-A3AF-9BB3863D55EA}.Debug|x64.Build.0 = Debug|x64
		{FBEBC2C9-2EA2-434B-A3AF-9BB3863D55EA}.Debug|x86.ActiveCfg = Debug|Win32
		{FBEBC2C9-2EA2-434B-A3AF-9BB3863D55EA}.Debug|x86.Build.0 = Debug|Win32
		{FBEBC2C9-2EA2-434B-A3AF-9BB3863D55EA}.Release|x64.ActiveCfg = Release|x64
		{FBEBC2C9-2EA2-434B-A3AF-9BB3863D55EA}.Release|x64.Build.0 = Release|x64
		{FBEBC2C9-2EA2-434B-A3AF-9BB3863D55EA}.Release|x86.ActiveCfg = Release|Win32
		{FBEBC2C9-2EA2-434B-A3AF-9BB3863D55EA}.Release|x86.Build.0 = Release|Win32
		{D3D71A86-CD47-4C28-9690-5E1358615C2D}.Debug|x64.ActiveCfg = Debug|x64
		{D3D71A86-CD47-4C28-9690-5E1358615C2D}.Debug|x64.Build.0 = Debug|x64
		{D3D71A86-CD47-4C28-9690-5E1358615C2D}.Debug|x86.ActiveCfg = Debug|Win32
		{D3D71A86-CD47-4C28-9690-5E1358615C2D}.Debug|x86.Build.0 = Debug|Win32
		{D3D71A86-CD47-4C28-9690-5E1358615C2D}.Release|x64.ActiveCfg = Release|x64
		{D3D71A86-CD47-4C28-9690-5E1358615C2D}.Release|x64.Build.0 = Release|x64
		{D3D71A86-CD47-4C28-9690-5E1358615C2D}.Release|x86.ActiveCfg = Release|Win32
		{D3D71A86-CD47-4C28-9690-5E1358615C2D}.Release|x86.Build.0 = Release|Win32
		{EF82323C-EC55-40A3-B164-C8B41BFB899A}.Debug|x64.ActiveCfg = Debug|x64
		{EF82323C-EC55-40A3-B164-C8B41BFB899A}.Debug|x64.Build.0 = Debug|x64
		{EF82323C-EC55-40A3-B164-C8B41BFB899A}.Debug|x86.ActiveCfg = Debug|Win32
		{EF82323C-EC55-40A3-B164-C8B41BFB899A}.Debug|x86.Build.0 = Debug|Win32
		{EF82323C-EC55-40A3-B164-C8B41BFB899A}.Release|x64.ActiveCfg = Release|x64
		{EF82323C-EC55-40A3-B164-C8B41BFB899A}.Release|x64.Build.0 = Release|x64
		{EF82323C-EC55-40A3-B164-C8B41BFB899A}.Release|x86.ActiveCfg = Release|Win32
		{EF82323C-EC55-40A3-B164-C8B41BFB899A}.Release|x86.Build.0 = Release|Win32
		{B5E0BC93-D7FB-4949-86AA-47F8F0DAE189}.Debug|x64.ActiveCfg = Debug|x64
		{B5E0BC93-D7FB-4949-86AA-47F8F0DAE189}.Debug|x64.Build.0 = Debug|x64
		{B5E0BC93-D7FB-4949-86AA-47F8F0DAE189}.Debug|x86.ActiveCfg = Debug|Win32
		{B5E0BC93-D7FB-4949-86AA-47F8F0DAE189}.Debug|x86.Build.0 = Debug|Win32
		{B5E0BC93-D7FB-4949-86AA-47F8F0DAE189}.Release|x64.ActiveCfg = Release|x64
		{B5E0BC93-D7FB-4949-86AA-47F8F0DAE189}.Release|x64.Build.0 = Release|x64
		{B5E0BC93-D7FB-4949-86AA-47F8F0DAE189}.Release|x86.ActiveCfg = Release|Win32
		{B5E0BC93-D7FB-4949-86AA-47F8F0DAE189}.Release|x86.Build.0 = Release|Win32
		{642361D4-4C35-491E-B2C3-1104A5D0C7B7}.Debug|x64.ActiveCfg = Debug|x64
		{642361D4-4C35-491E-B2C3-1104A5D0C7B7}.Debug|x64.Build.0 = Debug|x64
		{642361D4-4C35-491E-B2C3-1104A5D0C7B7}.Debug|x86.ActiveCfg = Debug|Win32
		{642361D4-4C35-491E-B2C3-1104A5D0C7B7}.Debug|x86.Build.0 = Debug|Win32
		{642361D4-4C35-491E-B2C3-1104A5D0C7B7}.Release|x64.ActiveCfg = Release|x64
		{642361D4-4C35-491E-B2C3-1104A5D0C7B7}.Release|x64.Build.0 = Release|x64
		{642361D4-4C35-491E-B2C3-1104A5D0C7B7}.Release|x86.ActiveCfg = Release|Win32
		{642361D4-4C35-491E-B2C3-1104A5D0C7B7}.Release|x86.Build.0 = Release|Win32
		{B2402222-81A7-4B50-835F-64031AAE8CB4}.Debug|x64.ActiveCfg = Debug|x64
		{B2402222-81A7-4B50-835F-64031AAE8CB4}.Debug|x64.Build.0 = Debug|x64
		{B2402222-81A7-4B50-835F-64031AAE8CB4}.Debug|x86.ActiveCfg = Debug|Win32
		{B2402222-81A7-4B50-835F-64031AAE8CB4}.Debug|x86.Build.0 = Debug|Win32
		{B2402222-81A7-4B50-835F-64031AAE8CB4}.Release|x64.ActiveCfg = Release|x64
		{B2402222-81A7-4B50-835F-64031AAE8CB4}.Release|x64.Build.0 = Release|x64
		{B2402222-81A7-4B50-835F-64031AAE8CB4}.Release|x86.ActiveCfg = Release|Win32
		{B2402222-81A7-4B50-835F-64031AAE8CB4}.Release|x86.Build.0 = Release|Win32
		{B676FA14-A027-42BA-A6E6-9CF5F6B51B96}.Debug|x64.ActiveCfg = Debug|x64
		{B676FA14-A027-42BA-A6E6-9CF5F6B51B96}.Debug|x64.Build.0 = Debug|x64
		{B676FA14-A027-42BA-A6E6-9CF5F6B51B96}.Debug|x86.ActiveCfg = Debug|Win32
		{B676FA14-A027-42BA-A6E6-9CF5F6B51B96}.Debug|x86.Build.0 = Debug|Win32
		{B676FA14-A027-42BA-A6E6-9CF5F6B51B96}.Release|x64.ActiveCfg = Release|x64
		{B676FA14-A027-42BA-A6E6-9CF5F6B51B96}.Release|x64.Build.0 = Release|x64
		{B676FA14-A027-42BA-A6E6-9CF5F6B51B96}.Release|x86.ActiveCfg = Release|Win32
		{B676FA14-A027-42BA-A6E6-9CF5F6B51B96}.Release|x86.Build.0 = Release|Win32
		{11D4C1E9-B973-4634-B0C5-8996601358A7}.Debug|x64.ActiveCfg = Debug|x64
		{11D4C1E9-B973-4634-B0C5-8996601358A7}.Debug|x64.Build.0 = Debug|x64
		{11D4C1E9-B973-4634-B0C5-8996601358A7}.Debug|x86.ActiveCfg = Debug|Win32
		{11D4C1E9-B973-4634-B0C5-8996601358A7}.Debug|x86.Build.0 = Debug|Win32
		{11D4C1E9-B973-4634-B0C5-8996601358A7}.Release|x64.ActiveCfg = Release|x64
		{11D4C1E9-B973-4634-B0C5-8996601358A7}.Release|x64.Build.0 = Release|x64
		{11D4C1E9-B973-4634-B0C5-8996601358A7}.Release|x86.ActiveCfg = Release|Win32
		{11D4C1E9-B973-4634-B0C5-8996601358A7}.Release|x86.Build.0 = Release|Win32
		{CA43B127-EE28-49E3-8F83-52CCB87881AA}.Debug|x64.ActiveCfg = Debug|x64
		{CA43B127-EE28-49E3-8F83-52CCB87881AA}.Debug|x64.Build.0 = Debug|x64
		{CA43B127-EE28-49E3-8F83-52CCB87881AA}.Debug|x86.ActiveCfg = Debug|Win32
		{CA43B127-EE28-49E3-8F83-52CCB87881AA}.Debug|x86.Build.0 = Debug|Win32
		{CA43B127-EE28-49E3-8F83-52CCB87881AA}.Release|x64.ActiveCfg = Release|x64
		{CA43B127-EE28-49E3-8F83-52CCB87881AA}.Release|x64.Build.0 = Release|x64
		{CA43B127-EE28-49E3-8F83-52CCB87881AA}.Release|x86.ActiveCfg = Release|Win32
		{CA43B127-EE28-49E3-8F83-52CCB87881AA}.Release|x86.Build.0 = Release|Win32
	EndGlobalSection
	GlobalSection(SolutionProperties) = preSolution
		HideSolutionNode = FALSE
	EndGlobalSection
	GlobalSection(ExtensibilityGlobals) = postSolution
		SolutionGuid = {C2292417-9E25-4672-8E78-512C2E067832}
	EndGlobalSection
EndGlobal
