
Microsoft Visual Studio Solution File, Format Version 12.00
# Visual Studio Version 17
VisualStudioVersion = 17.3.32901.215
MinimumVisualStudioVersion = 10.0.40219.1
Project("{8BC9CEB8-8B4A-11D0-8D11-00A0C91BC942}") = "6-1", "6-1\6-1.vcxproj", "{7AB79906-35D8-4F5D-B268-ED6FCDA8E731}"
EndProject
Project("{8BC9CEB8-8B4A-11D0-8D11-00A0C91BC942}") = "6-2", "6-2\6-2.vcxproj", "{8F32CCF7-47F3-4193-AECE-9938DA247470}"
EndProject
Project("{8BC9CEB8-8B4A-11D0-8D11-00A0C91BC942}") = "6-3", "6-3\6-3.vcxproj", "{3FBD03A9-C718-4554-B0CB-AE37EEFE983A}"
EndProject
Project("{8BC9CEB8-8B4A-11D0-8D11-00A0C91BC942}") = "6-4", "6-4\6-4.vcxproj", "{5656F2A6-C528-43E0-BB70-5A16C2BB625F}"
EndProject
Project("{8BC9CEB8-8B4A-11D0-8D11-00A0C91BC942}") = "6-5", "6-5\6-5.vcxproj", "{F6C2DC89-438A-489A-B383-9675777392B5}"
EndProject
Project("{8BC9CEB8-8B4A-11D0-8D11-00A0C91BC942}") = "6-6", "6-6\6-6.vcxproj", "{5DE64916-00D6-47F4-8BDD-F960C0925E84}"
EndProject
Project("{8BC9CEB8-8B4A-11D0-8D11-00A0C91BC942}") = "6-7", "6-7\6-7.vcxproj", "{12C3A01A-E8DA-4443-83C9-B5DAD73164B4}"
EndProject
Project("{8BC9CEB8-8B4A-11D0-8D11-00A0C91BC942}") = "6-8", "6-8\6-8.vcxproj", "{7C7F81D0-4542-41BF-A2EF-5D94E41F1679}"
EndProject
Project("{8BC9CEB8-8B4A-11D0-8D11-00A0C91BC942}") = "6-9", "6-9\6-9.vcxproj", "{581ED76A-AC82-49AD-9CBC-9BD4AFE1BEA6}"
EndProject
Global
	GlobalSection(SolutionConfigurationPlatforms) = preSolution
		Debug|x64 = Debug|x64
		Debug|x86 = Debug|x86
		Release|x64 = Release|x64
		Release|x86 = Release|x86
	EndGlobalSection
	GlobalSection(ProjectConfigurationPlatforms) = postSolution
		{7AB79906-35D8-4F5D-B268-ED6FCDA8E731}.Debug|x64.ActiveCfg = Debug|x64
		{7AB79906-35D8-4F5D-B268-ED6FCDA8E731}.Debug|x64.Build.0 = Debug|x64
		{7AB79906-35D8-4F5D-B268-ED6FCDA8E731}.Debug|x86.ActiveCfg = Debug|Win32
		{7AB79906-35D8-4F5D-B268-ED6FCDA8E731}.Debug|x86.Build.0 = Debug|Win32
		{7AB79906-35D8-4F5D-B268-ED6FCDA8E731}.Release|x64.ActiveCfg = Release|x64
		{7AB79906-35D8-4F5D-B268-ED6FCDA8E731}.Release|x64.Build.0 = Release|x64
		{7AB79906-35D8-4F5D-B268-ED6FCDA8E731}.Release|x86.ActiveCfg = Release|Win32
		{7AB79906-35D8-4F5D-B268-ED6FCDA8E731}.Release|x86.Build.0 = Release|Win32
		{8F32CCF7-47F3-4193-AECE-9938DA247470}.Debug|x64.ActiveCfg = Debug|x64
		{8F32CCF7-47F3-4193-AECE-9938DA247470}.Debug|x64.Build.0 = Debug|x64
		{8F32CCF7-47F3-4193-AECE-9938DA247470}.Debug|x86.ActiveCfg = Debug|Win32
		{8F32CCF7-47F3-4193-AECE-9938DA247470}.Debug|x86.Build.0 = Debug|Win32
		{8F32CCF7-47F3-4193-AECE-9938DA247470}.Release|x64.ActiveCfg = Release|x64
		{8F32CCF7-47F3-4193-AECE-9938DA247470}.Release|x64.Build.0 = Release|x64
		{8F32CCF7-47F3-4193-AECE-9938DA247470}.Release|x86.ActiveCfg = Release|Win32
		{8F32CCF7-47F3-4193-AECE-9938DA247470}.Release|x86.Build.0 = Release|Win32
		{3FBD03A9-C718-4554-B0CB-AE37EEFE983A}.Debug|x64.ActiveCfg = Debug|x64
		{3FBD03A9-C718-4554-B0CB-AE37EEFE983A}.Debug|x64.Build.0 = Debug|x64
		{3FBD03A9-C718-4554-B0CB-AE37EEFE983A}.Debug|x86.ActiveCfg = Debug|Win32
		{3FBD03A9-C718-4554-B0CB-AE37EEFE983A}.Debug|x86.Build.0 = Debug|Win32
		{3FBD03A9-C718-4554-B0CB-AE37EEFE983A}.Release|x64.ActiveCfg = Release|x64
		{3FBD03A9-C718-4554-B0CB-AE37EEFE983A}.Release|x64.Build.0 = Release|x64
		{3FBD03A9-C718-4554-B0CB-AE37EEFE983A}.Release|x86.ActiveCfg = Release|Win32
		{3FBD03A9-C718-4554-B0CB-AE37EEFE983A}.Release|x86.Build.0 = Release|Win32
		{5656F2A6-C528-43E0-BB70-5A16C2BB625F}.Debug|x64.ActiveCfg = Debug|x64
		{5656F2A6-C528-43E0-BB70-5A16C2BB625F}.Debug|x64.Build.0 = Debug|x64
		{5656F2A6-C528-43E0-BB70-5A16C2BB625F}.Debug|x86.ActiveCfg = Debug|Win32
		{5656F2A6-C528-43E0-BB70-5A16C2BB625F}.Debug|x86.Build.0 = Debug|Win32
		{5656F2A6-C528-43E0-BB70-5A16C2BB625F}.Release|x64.ActiveCfg = Release|x64
		{5656F2A6-C528-43E0-BB70-5A16C2BB625F}.Release|x64.Build.0 = Release|x64
		{5656F2A6-C528-43E0-BB70-5A16C2BB625F}.Release|x86.ActiveCfg = Release|Win32
		{5656F2A6-C528-43E0-BB70-5A16C2BB625F}.Release|x86.Build.0 = Release|Win32
		{F6C2DC89-438A-489A-B383-9675777392B5}.Debug|x64.ActiveCfg = Debug|x64
		{F6C2DC89-438A-489A-B383-9675777392B5}.Debug|x64.Build.0 = Debug|x64
		{F6C2DC89-438A-489A-B383-9675777392B5}.Debug|x86.ActiveCfg = Debug|Win32
		{F6C2DC89-438A-489A-B383-9675777392B5}.Debug|x86.Build.0 = Debug|Win32
		{F6C2DC89-438A-489A-B383-9675777392B5}.Release|x64.ActiveCfg = Release|x64
		{F6C2DC89-438A-489A-B383-9675777392B5}.Release|x64.Build.0 = Release|x64
		{F6C2DC89-438A-489A-B383-9675777392B5}.Release|x86.ActiveCfg = Release|Win32
		{F6C2DC89-438A-489A-B383-9675777392B5}.Release|x86.Build.0 = Release|Win32
		{5DE64916-00D6-47F4-8BDD-F960C0925E84}.Debug|x64.ActiveCfg = Debug|x64
		{5DE64916-00D6-47F4-8BDD-F960C0925E84}.Debug|x64.Build.0 = Debug|x64
		{5DE64916-00D6-47F4-8BDD-F960C0925E84}.Debug|x86.ActiveCfg = Debug|Win32
		{5DE64916-00D6-47F4-8BDD-F960C0925E84}.Debug|x86.Build.0 = Debug|Win32
		{5DE64916-00D6-47F4-8BDD-F960C0925E84}.Release|x64.ActiveCfg = Release|x64
		{5DE64916-00D6-47F4-8BDD-F960C0925E84}.Release|x64.Build.0 = Release|x64
		{5DE64916-00D6-47F4-8BDD-F960C0925E84}.Release|x86.ActiveCfg = Release|Win32
		{5DE64916-00D6-47F4-8BDD-F960C0925E84}.Release|x86.Build.0 = Release|Win32
		{12C3A01A-E8DA-4443-83C9-B5DAD73164B4}.Debug|x64.ActiveCfg = Debug|x64
		{12C3A01A-E8DA-4443-83C9-B5DAD73164B4}.Debug|x64.Build.0 = Debug|x64
		{12C3A01A-E8DA-4443-83C9-B5DAD73164B4}.Debug|x86.ActiveCfg = Debug|Win32
		{12C3A01A-E8DA-4443-83C9-B5DAD73164B4}.Debug|x86.Build.0 = Debug|Win32
		{12C3A01A-E8DA-4443-83C9-B5DAD73164B4}.Release|x64.ActiveCfg = Release|x64
		{12C3A01A-E8DA-4443-83C9-B5DAD73164B4}.Release|x64.Build.0 = Release|x64
		{12C3A01A-E8DA-4443-83C9-B5DAD73164B4}.Release|x86.ActiveCfg = Release|Win32
		{12C3A01A-E8DA-4443-83C9-B5DAD73164B4}.Release|x86.Build.0 = Release|Win32
		{7C7F81D0-4542-41BF-A2EF-5D94E41F1679}.Debug|x64.ActiveCfg = Debug|x64
		{7C7F81D0-4542-41BF-A2EF-5D94E41F1679}.Debug|x64.Build.0 = Debug|x64
		{7C7F81D0-4542-41BF-A2EF-5D94E41F1679}.Debug|x86.ActiveCfg = Debug|Win32
		{7C7F81D0-4542-41BF-A2EF-5D94E41F1679}.Debug|x86.Build.0 = Debug|Win32
		{7C7F81D0-4542-41BF-A2EF-5D94E41F1679}.Release|x64.ActiveCfg = Release|x64
		{7C7F81D0-4542-41BF-A2EF-5D94E41F1679}.Release|x64.Build.0 = Release|x64
		{7C7F81D0-4542-41BF-A2EF-5D94E41F1679}.Release|x86.ActiveCfg = Release|Win32
		{7C7F81D0-4542-41BF-A2EF-5D94E41F1679}.Release|x86.Build.0 = Release|Win32
		{581ED76A-AC82-49AD-9CBC-9BD4AFE1BEA6}.Debug|x64.ActiveCfg = Debug|x64
		{581ED76A-AC82-49AD-9CBC-9BD4AFE1BEA6}.Debug|x64.Build.0 = Debug|x64
		{581ED76A-AC82-49AD-9CBC-9BD4AFE1BEA6}.Debug|x86.ActiveCfg = Debug|Win32
		{581ED76A-AC82-49AD-9CBC-9BD4AFE1BEA6}.Debug|x86.Build.0 = Debug|Win32
		{581ED76A-AC82-49AD-9CBC-9BD4AFE1BEA6}.Release|x64.ActiveCfg = Release|x64
		{581ED76A-AC82-49AD-9CBC-9BD4AFE1BEA6}.Release|x64.Build.0 = Release|x64
		{581ED76A-AC82-49AD-9CBC-9BD4AFE1BEA6}.Release|x86.ActiveCfg = Release|Win32
		{581ED76A-AC82-49AD-9CBC-9BD4AFE1BEA6}.Release|x86.Build.0 = Release|Win32
	EndGlobalSection
	GlobalSection(SolutionProperties) = preSolution
		HideSolutionNode = FALSE
	EndGlobalSection
	GlobalSection(ExtensibilityGlobals) = postSolution
		SolutionGuid = {670B1ED2-BC5F-4247-B7B1-45B35E86EDFA}
	EndGlobalSection
EndGlobal
