
Microsoft Visual Studio Solution File, Format Version 12.00
# Visual Studio Version 16
VisualStudioVersion = 16.0.32901.82
MinimumVisualStudioVersion = 10.0.40219.1
Project("{8BC9CEB8-8B4A-11D0-8D11-00A0C91BC942}") = "7-1", "7-1\7-1.vcxproj", "{0629B6C8-B79E-4B34-8647-CEDCAB01AE1F}"
EndProject
Project("{8BC9CEB8-8B4A-11D0-8D11-00A0C91BC942}") = "7-2", "7-2\7-2.vcxproj", "{8BBF4415-7CD9-49C9-B430-1C10F709BCA4}"
EndProject
Project("{8BC9CEB8-8B4A-11D0-8D11-00A0C91BC942}") = "7-3", "7-3\7-3.vcxproj", "{A2A96E5D-CD58-4CBB-AF48-DEAA02E203F6}"
EndProject
Project("{8BC9CEB8-8B4A-11D0-8D11-00A0C91BC942}") = "7-4", "7-4\7-4.vcxproj", "{E9FCF8E0-F8E2-4D25-9663-D0C4FB470BC1}"
EndProject
Project("{8BC9CEB8-8B4A-11D0-8D11-00A0C91BC942}") = "7-5", "7-5\7-5.vcxproj", "{0F2D03C2-AE1A-4298-9A6B-3C4A390D8060}"
EndProject
Project("{8BC9CEB8-8B4A-11D0-8D11-00A0C91BC942}") = "7-6", "7-6\7-6.vcxproj", "{3854F7C4-26F1-424A-B8D4-BF8F245DD1F4}"
EndProject
Project("{8BC9CEB8-8B4A-11D0-8D11-00A0C91BC942}") = "7-7", "7-7\7-7.vcxproj", "{172680F8-003D-4F45-8B7A-31A1FD104510}"
EndProject
Project("{8BC9CEB8-8B4A-11D0-8D11-00A0C91BC942}") = "7-8", "7-8\7-8.vcxproj", "{64AF1D21-0341-4E1A-B967-D5B5D50EC90F}"
EndProject
Project("{8BC9CEB8-8B4A-11D0-8D11-00A0C91BC942}") = "7-9", "7-9\7-9.vcxproj", "{39322279-814E-4771-AB48-B26FC03AAAE0}"
EndProject
Project("{8BC9CEB8-8B4A-11D0-8D11-00A0C91BC942}") = "7-10", "7-10\7-10.vcxproj", "{15DDE846-4E94-471E-AE6E-EB14128DBDFE}"
EndProject
Project("{8BC9CEB8-8B4A-11D0-8D11-00A0C91BC942}") = "7-11", "7-11\7-11.vcxproj", "{01D6F141-84D7-4105-965A-E0F1344590FD}"
EndProject
Project("{8BC9CEB8-8B4A-11D0-8D11-00A0C91BC942}") = "7-12", "7-12\7-12.vcxproj", "{07C40B3C-7B3B-4512-AFD3-94ED4F014B74}"
EndProject
Global
	GlobalSection(SolutionConfigurationPlatforms) = preSolution
		Debug|x64 = Debug|x64
		Debug|x86 = Debug|x86
		Release|x64 = Release|x64
		Release|x86 = Release|x86
	EndGlobalSection
	GlobalSection(ProjectConfigurationPlatforms) = postSolution
		{0629B6C8-B79E-4B34-8647-CEDCAB01AE1F}.Debug|x64.ActiveCfg = Debug|x64
		{0629B6C8-B79E-4B34-8647-CEDCAB01AE1F}.Debug|x64.Build.0 = Debug|x64
		{0629B6C8-B79E-4B34-8647-CEDCAB01AE1F}.Debug|x86.ActiveCfg = Debug|Win32
		{0629B6C8-B79E-4B34-8647-CEDCAB01AE1F}.Debug|x86.Build.0 = Debug|Win32
		{0629B6C8-B79E-4B34-8647-CEDCAB01AE1F}.Release|x64.ActiveCfg = Release|x64
		{0629B6C8-B79E-4B34-8647-CEDCAB01AE1F}.Release|x64.Build.0 = Release|x64
		{0629B6C8-B79E-4B34-8647-CEDCAB01AE1F}.Release|x86.ActiveCfg = Release|Win32
		{0629B6C8-B79E-4B34-8647-CEDCAB01AE1F}.Release|x86.Build.0 = Release|Win32
		{8BBF4415-7CD9-49C9-B430-1C10F709BCA4}.Debug|x64.ActiveCfg = Debug|x64
		{8BBF4415-7CD9-49C9-B430-1C10F709BCA4}.Debug|x64.Build.0 = Debug|x64
		{8BBF4415-7CD9-49C9-B430-1C10F709BCA4}.Debug|x86.ActiveCfg = Debug|Win32
		{8BBF4415-7CD9-49C9-B430-1C10F709BCA4}.Debug|x86.Build.0 = Debug|Win32
		{8BBF4415-7CD9-49C9-B430-1C10F709BCA4}.Release|x64.ActiveCfg = Release|x64
		{8BBF4415-7CD9-49C9-B430-1C10F709BCA4}.Release|x64.Build.0 = Release|x64
		{8BBF4415-7CD9-49C9-B430-1C10F709BCA4}.Release|x86.ActiveCfg = Release|Win32
		{8BBF4415-7CD9-49C9-B430-1C10F709BCA4}.Release|x86.Build.0 = Release|Win32
		{A2A96E5D-CD58-4CBB-AF48-DEAA02E203F6}.Debug|x64.ActiveCfg = Debug|x64
		{A2A96E5D-CD58-4CBB-AF48-DEAA02E203F6}.Debug|x64.Build.0 = Debug|x64
		{A2A96E5D-CD58-4CBB-AF48-DEAA02E203F6}.Debug|x86.ActiveCfg = Debug|Win32
		{A2A96E5D-CD58-4CBB-AF48-DEAA02E203F6}.Debug|x86.Build.0 = Debug|Win32
		{A2A96E5D-CD58-4CBB-AF48-DEAA02E203F6}.Release|x64.ActiveCfg = Release|x64
		{A2A96E5D-CD58-4CBB-AF48-DEAA02E203F6}.Release|x64.Build.0 = Release|x64
		{A2A96E5D-CD58-4CBB-AF48-DEAA02E203F6}.Release|x86.ActiveCfg = Release|Win32
		{A2A96E5D-CD58-4CBB-AF48-DEAA02E203F6}.Release|x86.Build.0 = Release|Win32
		{E9FCF8E0-F8E2-4D25-9663-D0C4FB470BC1}.Debug|x64.ActiveCfg = Debug|x64
		{E9FCF8E0-F8E2-4D25-9663-D0C4FB470BC1}.Debug|x64.Build.0 = Debug|x64
		{E9FCF8E0-F8E2-4D25-9663-D0C4FB470BC1}.Debug|x86.ActiveCfg = Debug|Win32
		{E9FCF8E0-F8E2-4D25-9663-D0C4FB470BC1}.Debug|x86.Build.0 = Debug|Win32
		{E9FCF8E0-F8E2-4D25-9663-D0C4FB470BC1}.Release|x64.ActiveCfg = Release|x64
		{E9FCF8E0-F8E2-4D25-9663-D0C4FB470BC1}.Release|x64.Build.0 = Release|x64
		{E9FCF8E0-F8E2-4D25-9663-D0C4FB470BC1}.Release|x86.ActiveCfg = Release|Win32
		{E9FCF8E0-F8E2-4D25-9663-D0C4FB470BC1}.Release|x86.Build.0 = Release|Win32
		{0F2D03C2-AE1A-4298-9A6B-3C4A390D8060}.Debug|x64.ActiveCfg = Debug|x64
		{0F2D03C2-AE1A-4298-9A6B-3C4A390D8060}.Debug|x64.Build.0 = Debug|x64
		{0F2D03C2-AE1A-4298-9A6B-3C4A390D8060}.Debug|x86.ActiveCfg = Debug|Win32
		{0F2D03C2-AE1A-4298-9A6B-3C4A390D8060}.Debug|x86.Build.0 = Debug|Win32
		{0F2D03C2-AE1A-4298-9A6B-3C4A390D8060}.Release|x64.ActiveCfg = Release|x64
		{0F2D03C2-AE1A-4298-9A6B-3C4A390D8060}.Release|x64.Build.0 = Release|x64
		{0F2D03C2-AE1A-4298-9A6B-3C4A390D8060}.Release|x86.ActiveCfg = Release|Win32
		{0F2D03C2-AE1A-4298-9A6B-3C4A390D8060}.Release|x86.Build.0 = Release|Win32
		{3854F7C4-26F1-424A-B8D4-BF8F245DD1F4}.Debug|x64.ActiveCfg = Debug|x64
		{3854F7C4-26F1-424A-B8D4-BF8F245DD1F4}.Debug|x64.Build.0 = Debug|x64
		{3854F7C4-26F1-424A-B8D4-BF8F245DD1F4}.Debug|x86.ActiveCfg = Debug|Win32
		{3854F7C4-26F1-424A-B8D4-BF8F245DD1F4}.Debug|x86.Build.0 = Debug|Win32
		{3854F7C4-26F1-424A-B8D4-BF8F245DD1F4}.Release|x64.ActiveCfg = Release|x64
		{3854F7C4-26F1-424A-B8D4-BF8F245DD1F4}.Release|x64.Build.0 = Release|x64
		{3854F7C4-26F1-424A-B8D4-BF8F245DD1F4}.Release|x86.ActiveCfg = Release|Win32
		{3854F7C4-26F1-424A-B8D4-BF8F245DD1F4}.Release|x86.Build.0 = Release|Win32
		{172680F8-003D-4F45-8B7A-31A1FD104510}.Debug|x64.ActiveCfg = Debug|x64
		{172680F8-003D-4F45-8B7A-31A1FD104510}.Debug|x64.Build.0 = Debug|x64
		{172680F8-003D-4F45-8B7A-31A1FD104510}.Debug|x86.ActiveCfg = Debug|Win32
		{172680F8-003D-4F45-8B7A-31A1FD104510}.Debug|x86.Build.0 = Debug|Win32
		{172680F8-003D-4F45-8B7A-31A1FD104510}.Release|x64.ActiveCfg = Release|x64
		{172680F8-003D-4F45-8B7A-31A1FD104510}.Release|x64.Build.0 = Release|x64
		{172680F8-003D-4F45-8B7A-31A1FD104510}.Release|x86.ActiveCfg = Release|Win32
		{172680F8-003D-4F45-8B7A-31A1FD104510}.Release|x86.Build.0 = Release|Win32
		{64AF1D21-0341-4E1A-B967-D5B5D50EC90F}.Debug|x64.ActiveCfg = Debug|x64
		{64AF1D21-0341-4E1A-B967-D5B5D50EC90F}.Debug|x64.Build.0 = Debug|x64
		{64AF1D21-0341-4E1A-B967-D5B5D50EC90F}.Debug|x86.ActiveCfg = Debug|Win32
		{64AF1D21-0341-4E1A-B967-D5B5D50EC90F}.Debug|x86.Build.0 = Debug|Win32
		{64AF1D21-0341-4E1A-B967-D5B5D50EC90F}.Release|x64.ActiveCfg = Release|x64
		{64AF1D21-0341-4E1A-B967-D5B5D50EC90F}.Release|x64.Build.0 = Release|x64
		{64AF1D21-0341-4E1A-B967-D5B5D50EC90F}.Release|x86.ActiveCfg = Release|Win32
		{64AF1D21-0341-4E1A-B967-D5B5D50EC90F}.Release|x86.Build.0 = Release|Win32
		{39322279-814E-4771-AB48-B26FC03AAAE0}.Debug|x64.ActiveCfg = Debug|x64
		{39322279-814E-4771-AB48-B26FC03AAAE0}.Debug|x64.Build.0 = Debug|x64
		{39322279-814E-4771-AB48-B26FC03AAAE0}.Debug|x86.ActiveCfg = Debug|Win32
		{39322279-814E-4771-AB48-B26FC03AAAE0}.Debug|x86.Build.0 = Debug|Win32
		{39322279-814E-4771-AB48-B26FC03AAAE0}.Release|x64.ActiveCfg = Release|x64
		{39322279-814E-4771-AB48-B26FC03AAAE0}.Release|x64.Build.0 = Release|x64
		{39322279-814E-4771-AB48-B26FC03AAAE0}.Release|x86.ActiveCfg = Release|Win32
		{39322279-814E-4771-AB48-B26FC03AAAE0}.Release|x86.Build.0 = Release|Win32
		{15DDE846-4E94-471E-AE6E-EB14128DBDFE}.Debug|x64.ActiveCfg = Debug|x64
		{15DDE846-4E94-471E-AE6E-EB14128DBDFE}.Debug|x64.Build.0 = Debug|x64
		{15DDE846-4E94-471E-AE6E-EB14128DBDFE}.Debug|x86.ActiveCfg = Debug|Win32
		{15DDE846-4E94-471E-AE6E-EB14128DBDFE}.Debug|x86.Build.0 = Debug|Win32
		{15DDE846-4E94-471E-AE6E-EB14128DBDFE}.Release|x64.ActiveCfg = Release|x64
		{15DDE846-4E94-471E-AE6E-EB14128DBDFE}.Release|x64.Build.0 = Release|x64
		{15DDE846-4E94-471E-AE6E-EB14128DBDFE}.Release|x86.ActiveCfg = Release|Win32
		{15DDE846-4E94-471E-AE6E-EB14128DBDFE}.Release|x86.Build.0 = Release|Win32
		{01D6F141-84D7-4105-965A-E0F1344590FD}.Debug|x64.ActiveCfg = Debug|x64
		{01D6F141-84D7-4105-965A-E0F1344590FD}.Debug|x64.Build.0 = Debug|x64
		{01D6F141-84D7-4105-965A-E0F1344590FD}.Debug|x86.ActiveCfg = Debug|Win32
		{01D6F141-84D7-4105-965A-E0F1344590FD}.Debug|x86.Build.0 = Debug|Win32
		{01D6F141-84D7-4105-965A-E0F1344590FD}.Release|x64.ActiveCfg = Release|x64
		{01D6F141-84D7-4105-965A-E0F1344590FD}.Release|x64.Build.0 = Release|x64
		{01D6F141-84D7-4105-965A-E0F1344590FD}.Release|x86.ActiveCfg = Release|Win32
		{01D6F141-84D7-4105-965A-E0F1344590FD}.Release|x86.Build.0 = Release|Win32
		{07C40B3C-7B3B-4512-AFD3-94ED4F014B74}.Debug|x64.ActiveCfg = Debug|x64
		{07C40B3C-7B3B-4512-AFD3-94ED4F014B74}.Debug|x64.Build.0 = Debug|x64
		{07C40B3C-7B3B-4512-AFD3-94ED4F014B74}.Debug|x86.ActiveCfg = Debug|Win32
		{07C40B3C-7B3B-4512-AFD3-94ED4F014B74}.Debug|x86.Build.0 = Debug|Win32
		{07C40B3C-7B3B-4512-AFD3-94ED4F014B74}.Release|x64.ActiveCfg = Release|x64
		{07C40B3C-7B3B-4512-AFD3-94ED4F014B74}.Release|x64.Build.0 = Release|x64
		{07C40B3C-7B3B-4512-AFD3-94ED4F014B74}.Release|x86.ActiveCfg = Release|Win32
		{07C40B3C-7B3B-4512-AFD3-94ED4F014B74}.Release|x86.Build.0 = Release|Win32
	EndGlobalSection
	GlobalSection(SolutionProperties) = preSolution
		HideSolutionNode = FALSE
	EndGlobalSection
	GlobalSection(ExtensibilityGlobals) = postSolution
		SolutionGuid = {8533CBAF-765C-4960-8A8B-9644B64E5F50}
	EndGlobalSection
EndGlobal
