
Microsoft Visual Studio Solution File, Format Version 12.00
# Visual Studio Version 17
VisualStudioVersion = 17.3.32901.215
MinimumVisualStudioVersion = 10.0.40219.1
Project("{8BC9CEB8-8B4A-11D0-8D11-00A0C91BC942}") = "10-1", "10-1\10-1.vcxproj", "{8C63DAC4-16F1-4228-B689-34888F24B854}"
EndProject
Project("{8BC9CEB8-8B4A-11D0-8D11-00A0C91BC942}") = "10-2", "10-2\10-2.vcxproj", "{4AF685AB-6F63-44C1-AECE-E4D24A9D17AE}"
EndProject
Project("{8BC9CEB8-8B4A-11D0-8D11-00A0C91BC942}") = "10-3", "10-3\10-3.vcxproj", "{778BB994-EFEC-4FD8-A9D8-F4960A48132C}"
EndProject
Project("{8BC9CEB8-8B4A-11D0-8D11-00A0C91BC942}") = "10-4", "10-4\10-4.vcxproj", "{60D41F3C-5AFE-482C-93F3-98AC70C84C65}"
EndProject
Project("{8BC9CEB8-8B4A-11D0-8D11-00A0C91BC942}") = "10-5", "10-5\10-5.vcxproj", "{24A8FECC-8FD8-4CDF-9E8C-2C09AD195E2B}"
EndProject
Project("{8BC9CEB8-8B4A-11D0-8D11-00A0C91BC942}") = "10-6", "10-6\10-6.vcxproj", "{073921B4-697B-4400-824B-8E51847A9C54}"
EndProject
Project("{8BC9CEB8-8B4A-11D0-8D11-00A0C91BC942}") = "10-7", "10-7\10-7.vcxproj", "{F3984CDB-E982-4BE5-9A50-9813B7DEC0C0}"
EndProject
Project("{8BC9CEB8-8B4A-11D0-8D11-00A0C91BC942}") = "10-8", "10-8\10-8.vcxproj", "{7DFE4E89-3718-4194-94AB-51587D0F3CD7}"
EndProject
Project("{8BC9CEB8-8B4A-11D0-8D11-00A0C91BC942}") = "10-9", "10-9\10-9.vcxproj", "{B4A1F6D4-CBC1-44B8-9D6C-C46F4C9A39D8}"
EndProject
Project("{8BC9CEB8-8B4A-11D0-8D11-00A0C91BC942}") = "10-10", "10-10\10-10.vcxproj", "{9C801B92-B71B-4D2D-BDE9-4EC9288ADC17}"
EndProject
Project("{8BC9CEB8-8B4A-11D0-8D11-00A0C91BC942}") = "10-11", "10-11\10-11.vcxproj", "{212D6A79-7791-4575-BC1B-73C515100476}"
EndProject
Project("{8BC9CEB8-8B4A-11D0-8D11-00A0C91BC942}") = "10-12", "10-12\10-12.vcxproj", "{8425C040-49F3-41A5-BCFD-3C6802DD7052}"
EndProject
Project("{8BC9CEB8-8B4A-11D0-8D11-00A0C91BC942}") = "10-13", "10-13\10-13.vcxproj", "{DFC82B91-9C9D-40A1-BE41-A20E2EF300BC}"
EndProject
Project("{8BC9CEB8-8B4A-11D0-8D11-00A0C91BC942}") = "10-14", "10-14\10-14.vcxproj", "{14406F88-5100-4BBA-83CF-8D0ADE9477B6}"
EndProject
Project("{8BC9CEB8-8B4A-11D0-8D11-00A0C91BC942}") = "10-15", "10-15\10-15.vcxproj", "{DA955764-019A-470E-92E9-F7DAE40421E7}"
EndProject
Project("{8BC9CEB8-8B4A-11D0-8D11-00A0C91BC942}") = "10-16", "10-16\10-16.vcxproj", "{5F262AE2-0154-4424-8CC3-ECB9861D17A0}"
EndProject
Global
	GlobalSection(SolutionConfigurationPlatforms) = preSolution
		Debug|x64 = Debug|x64
		Debug|x86 = Debug|x86
		Release|x64 = Release|x64
		Release|x86 = Release|x86
	EndGlobalSection
	GlobalSection(ProjectConfigurationPlatforms) = postSolution
		{8C63DAC4-16F1-4228-B689-34888F24B854}.Debug|x64.ActiveCfg = Debug|x64
		{8C63DAC4-16F1-4228-B689-34888F24B854}.Debug|x64.Build.0 = Debug|x64
		{8C63DAC4-16F1-4228-B689-34888F24B854}.Debug|x86.ActiveCfg = Debug|Win32
		{8C63DAC4-16F1-4228-B689-34888F24B854}.Debug|x86.Build.0 = Debug|Win32
		{8C63DAC4-16F1-4228-B689-34888F24B854}.Release|x64.ActiveCfg = Release|x64
		{8C63DAC4-16F1-4228-B689-34888F24B854}.Release|x64.Build.0 = Release|x64
		{8C63DAC4-16F1-4228-B689-34888F24B854}.Release|x86.ActiveCfg = Release|Win32
		{8C63DAC4-16F1-4228-B689-34888F24B854}.Release|x86.Build.0 = Release|Win32
		{4AF685AB-6F63-44C1-AECE-E4D24A9D17AE}.Debug|x64.ActiveCfg = Debug|x64
		{4AF685AB-6F63-44C1-AECE-E4D24A9D17AE}.Debug|x64.Build.0 = Debug|x64
		{4AF685AB-6F63-44C1-AECE-E4D24A9D17AE}.Debug|x86.ActiveCfg = Debug|Win32
		{4AF685AB-6F63-44C1-AECE-E4D24A9D17AE}.Debug|x86.Build.0 = Debug|Win32
		{4AF685AB-6F63-44C1-AECE-E4D24A9D17AE}.Release|x64.ActiveCfg = Release|x64
		{4AF685AB-6F63-44C1-AECE-E4D24A9D17AE}.Release|x64.Build.0 = Release|x64
		{4AF685AB-6F63-44C1-AECE-E4D24A9D17AE}.Release|x86.ActiveCfg = Release|Win32
		{4AF685AB-6F63-44C1-AECE-E4D24A9D17AE}.Release|x86.Build.0 = Release|Win32
		{778BB994-EFEC-4FD8-A9D8-F4960A48132C}.Debug|x64.ActiveCfg = Debug|x64
		{778BB994-EFEC-4FD8-A9D8-F4960A48132C}.Debug|x64.Build.0 = Debug|x64
		{778BB994-EFEC-4FD8-A9D8-F4960A48132C}.Debug|x86.ActiveCfg = Debug|Win32
		{778BB994-EFEC-4FD8-A9D8-F4960A48132C}.Debug|x86.Build.0 = Debug|Win32
		{778BB994-EFEC-4FD8-A9D8-F4960A48132C}.Release|x64.ActiveCfg = Release|x64
		{778BB994-EFEC-4FD8-A9D8-F4960A48132C}.Release|x64.Build.0 = Release|x64
		{778BB994-EFEC-4FD8-A9D8-F4960A48132C}.Release|x86.ActiveCfg = Release|Win32
		{778BB994-EFEC-4FD8-A9D8-F4960A48132C}.Release|x86.Build.0 = Release|Win32
		{60D41F3C-5AFE-482C-93F3-98AC70C84C65}.Debug|x64.ActiveCfg = Debug|x64
		{60D41F3C-5AFE-482C-93F3-98AC70C84C65}.Debug|x64.Build.0 = Debug|x64
		{60D41F3C-5AFE-482C-93F3-98AC70C84C65}.Debug|x86.ActiveCfg = Debug|Win32
		{60D41F3C-5AFE-482C-93F3-98AC70C84C65}.Debug|x86.Build.0 = Debug|Win32
		{60D41F3C-5AFE-482C-93F3-98AC70C84C65}.Release|x64.ActiveCfg = Release|x64
		{60D41F3C-5AFE-482C-93F3-98AC70C84C65}.Release|x64.Build.0 = Release|x64
		{60D41F3C-5AFE-482C-93F3-98AC70C84C65}.Release|x86.ActiveCfg = Release|Win32
		{60D41F3C-5AFE-482C-93F3-98AC70C84C65}.Release|x86.Build.0 = Release|Win32
		{24A8FECC-8FD8-4CDF-9E8C-2C09AD195E2B}.Debug|x64.ActiveCfg = Debug|x64
		{24A8FECC-8FD8-4CDF-9E8C-2C09AD195E2B}.Debug|x64.Build.0 = Debug|x64
		{24A8FECC-8FD8-4CDF-9E8C-2C09AD195E2B}.Debug|x86.ActiveCfg = Debug|Win32
		{24A8FECC-8FD8-4CDF-9E8C-2C09AD195E2B}.Debug|x86.Build.0 = Debug|Win32
		{24A8FECC-8FD8-4CDF-9E8C-2C09AD195E2B}.Release|x64.ActiveCfg = Release|x64
		{24A8FECC-8FD8-4CDF-9E8C-2C09AD195E2B}.Release|x64.Build.0 = Release|x64
		{24A8FECC-8FD8-4CDF-9E8C-2C09AD195E2B}.Release|x86.ActiveCfg = Release|Win32
		{24A8FECC-8FD8-4CDF-9E8C-2C09AD195E2B}.Release|x86.Build.0 = Release|Win32
		{073921B4-697B-4400-824B-8E51847A9C54}.Debug|x64.ActiveCfg = Debug|x64
		{073921B4-697B-4400-824B-8E51847A9C54}.Debug|x64.Build.0 = Debug|x64
		{073921B4-697B-4400-824B-8E51847A9C54}.Debug|x86.ActiveCfg = Debug|Win32
		{073921B4-697B-4400-824B-8E51847A9C54}.Debug|x86.Build.0 = Debug|Win32
		{073921B4-697B-4400-824B-8E51847A9C54}.Release|x64.ActiveCfg = Release|x64
		{073921B4-697B-4400-824B-8E51847A9C54}.Release|x64.Build.0 = Release|x64
		{073921B4-697B-4400-824B-8E51847A9C54}.Release|x86.ActiveCfg = Release|Win32
		{073921B4-697B-4400-824B-8E51847A9C54}.Release|x86.Build.0 = Release|Win32
		{F3984CDB-E982-4BE5-9A50-9813B7DEC0C0}.Debug|x64.ActiveCfg = Debug|x64
		{F3984CDB-E982-4BE5-9A50-9813B7DEC0C0}.Debug|x64.Build.0 = Debug|x64
		{F3984CDB-E982-4BE5-9A50-9813B7DEC0C0}.Debug|x86.ActiveCfg = Debug|Win32
		{F3984CDB-E982-4BE5-9A50-9813B7DEC0C0}.Debug|x86.Build.0 = Debug|Win32
		{F3984CDB-E982-4BE5-9A50-9813B7DEC0C0}.Release|x64.ActiveCfg = Release|x64
		{F3984CDB-E982-4BE5-9A50-9813B7DEC0C0}.Release|x64.Build.0 = Release|x64
		{F3984CDB-E982-4BE5-9A50-9813B7DEC0C0}.Release|x86.ActiveCfg = Release|Win32
		{F3984CDB-E982-4BE5-9A50-9813B7DEC0C0}.Release|x86.Build.0 = Release|Win32
		{7DFE4E89-3718-4194-94AB-51587D0F3CD7}.Debug|x64.ActiveCfg = Debug|x64
		{7DFE4E89-3718-4194-94AB-51587D0F3CD7}.Debug|x64.Build.0 = Debug|x64
		{7DFE4E89-3718-4194-94AB-51587D0F3CD7}.Debug|x86.ActiveCfg = Debug|Win32
		{7DFE4E89-3718-4194-94AB-51587D0F3CD7}.Debug|x86.Build.0 = Debug|Win32
		{7DFE4E89-3718-4194-94AB-51587D0F3CD7}.Release|x64.ActiveCfg = Release|x64
		{7DFE4E89-3718-4194-94AB-51587D0F3CD7}.Release|x64.Build.0 = Release|x64
		{7DFE4E89-3718-4194-94AB-51587D0F3CD7}.Release|x86.ActiveCfg = Release|Win32
		{7DFE4E89-3718-4194-94AB-51587D0F3CD7}.Release|x86.Build.0 = Release|Win32
		{B4A1F6D4-CBC1-44B8-9D6C-C46F4C9A39D8}.Debug|x64.ActiveCfg = Debug|x64
		{B4A1F6D4-CBC1-44B8-9D6C-C46F4C9A39D8}.Debug|x64.Build.0 = Debug|x64
		{B4A1F6D4-CBC1-44B8-9D6C-C46F4C9A39D8}.Debug|x86.ActiveCfg = Debug|Win32
		{B4A1F6D4-CBC1-44B8-9D6C-C46F4C9A39D8}.Debug|x86.Build.0 = Debug|Win32
		{B4A1F6D4-CBC1-44B8-9D6C-C46F4C9A39D8}.Release|x64.ActiveCfg = Release|x64
		{B4A1F6D4-CBC1-44B8-9D6C-C46F4C9A39D8}.Release|x64.Build.0 = Release|x64
		{B4A1F6D4-CBC1-44B8-9D6C-C46F4C9A39D8}.Release|x86.ActiveCfg = Release|Win32
		{B4A1F6D4-CBC1-44B8-9D6C-C46F4C9A39D8}.Release|x86.Build.0 = Release|Win32
		{9C801B92-B71B-4D2D-BDE9-4EC9288ADC17}.Debug|x64.ActiveCfg = Debug|x64
		{9C801B92-B71B-4D2D-BDE9-4EC9288ADC17}.Debug|x64.Build.0 = Debug|x64
		{9C801B92-B71B-4D2D-BDE9-4EC9288ADC17}.Debug|x86.ActiveCfg = Debug|Win32
		{9C801B92-B71B-4D2D-BDE9-4EC9288ADC17}.Debug|x86.Build.0 = Debug|Win32
		{9C801B92-B71B-4D2D-BDE9-4EC9288ADC17}.Release|x64.ActiveCfg = Release|x64
		{9C801B92-B71B-4D2D-BDE9-4EC9288ADC17}.Release|x64.Build.0 = Release|x64
		{9C801B92-B71B-4D2D-BDE9-4EC9288ADC17}.Release|x86.ActiveCfg = Release|Win32
		{9C801B92-B71B-4D2D-BDE9-4EC9288ADC17}.Release|x86.Build.0 = Release|Win32
		{212D6A79-7791-4575-BC1B-73C515100476}.Debug|x64.ActiveCfg = Debug|x64
		{212D6A79-7791-4575-BC1B-73C515100476}.Debug|x64.Build.0 = Debug|x64
		{212D6A79-7791-4575-BC1B-73C515100476}.Debug|x86.ActiveCfg = Debug|Win32
		{212D6A79-7791-4575-BC1B-73C515100476}.Debug|x86.Build.0 = Debug|Win32
		{212D6A79-7791-4575-BC1B-73C515100476}.Release|x64.ActiveCfg = Release|x64
		{212D6A79-7791-4575-BC1B-73C515100476}.Release|x64.Build.0 = Release|x64
		{212D6A79-7791-4575-BC1B-73C515100476}.Release|x86.ActiveCfg = Release|Win32
		{212D6A79-7791-4575-BC1B-73C515100476}.Release|x86.Build.0 = Release|Win32
		{8425C040-49F3-41A5-BCFD-3C6802DD7052}.Debug|x64.ActiveCfg = Debug|x64
		{8425C040-49F3-41A5-BCFD-3C6802DD7052}.Debug|x64.Build.0 = Debug|x64
		{8425C040-49F3-41A5-BCFD-3C6802DD7052}.Debug|x86.ActiveCfg = Debug|Win32
		{8425C040-49F3-41A5-BCFD-3C6802DD7052}.Debug|x86.Build.0 = Debug|Win32
		{8425C040-49F3-41A5-BCFD-3C6802DD7052}.Release|x64.ActiveCfg = Release|x64
		{8425C040-49F3-41A5-BCFD-3C6802DD7052}.Release|x64.Build.0 = Release|x64
		{8425C040-49F3-41A5-BCFD-3C6802DD7052}.Release|x86.ActiveCfg = Release|Win32
		{8425C040-49F3-41A5-BCFD-3C6802DD7052}.Release|x86.Build.0 = Release|Win32
		{DFC82B91-9C9D-40A1-BE41-A20E2EF300BC}.Debug|x64.ActiveCfg = Debug|x64
		{DFC82B91-9C9D-40A1-BE41-A20E2EF300BC}.Debug|x64.Build.0 = Debug|x64
		{DFC82B91-9C9D-40A1-BE41-A20E2EF300BC}.Debug|x86.ActiveCfg = Debug|Win32
		{DFC82B91-9C9D-40A1-BE41-A20E2EF300BC}.Debug|x86.Build.0 = Debug|Win32
		{DFC82B91-9C9D-40A1-BE41-A20E2EF300BC}.Release|x64.ActiveCfg = Release|x64
		{DFC82B91-9C9D-40A1-BE41-A20E2EF300BC}.Release|x64.Build.0 = Release|x64
		{DFC82B91-9C9D-40A1-BE41-A20E2EF300BC}.Release|x86.ActiveCfg = Release|Win32
		{DFC82B91-9C9D-40A1-BE41-A20E2EF300BC}.Release|x86.Build.0 = Release|Win32
		{14406F88-5100-4BBA-83CF-8D0ADE9477B6}.Debug|x64.ActiveCfg = Debug|x64
		{14406F88-5100-4BBA-83CF-8D0ADE9477B6}.Debug|x64.Build.0 = Debug|x64
		{14406F88-5100-4BBA-83CF-8D0ADE9477B6}.Debug|x86.ActiveCfg = Debug|Win32
		{14406F88-5100-4BBA-83CF-8D0ADE9477B6}.Debug|x86.Build.0 = Debug|Win32
		{14406F88-5100-4BBA-83CF-8D0ADE9477B6}.Release|x64.ActiveCfg = Release|x64
		{14406F88-5100-4BBA-83CF-8D0ADE9477B6}.Release|x64.Build.0 = Release|x64
		{14406F88-5100-4BBA-83CF-8D0ADE9477B6}.Release|x86.ActiveCfg = Release|Win32
		{14406F88-5100-4BBA-83CF-8D0ADE9477B6}.Release|x86.Build.0 = Release|Win32
		{DA955764-019A-470E-92E9-F7DAE40421E7}.Debug|x64.ActiveCfg = Debug|x64
		{DA955764-019A-470E-92E9-F7DAE40421E7}.Debug|x64.Build.0 = Debug|x64
		{DA955764-019A-470E-92E9-F7DAE40421E7}.Debug|x86.ActiveCfg = Debug|Win32
		{DA955764-019A-470E-92E9-F7DAE40421E7}.Debug|x86.Build.0 = Debug|Win32
		{DA955764-019A-470E-92E9-F7DAE40421E7}.Release|x64.ActiveCfg = Release|x64
		{DA955764-019A-470E-92E9-F7DAE40421E7}.Release|x64.Build.0 = Release|x64
		{DA955764-019A-470E-92E9-F7DAE40421E7}.Release|x86.ActiveCfg = Release|Win32
		{DA955764-019A-470E-92E9-F7DAE40421E7}.Release|x86.Build.0 = Release|Win32
		{5F262AE2-0154-4424-8CC3-ECB9861D17A0}.Debug|x64.ActiveCfg = Debug|x64
		{5F262AE2-0154-4424-8CC3-ECB9861D17A0}.Debug|x64.Build.0 = Debug|x64
		{5F262AE2-0154-4424-8CC3-ECB9861D17A0}.Debug|x86.ActiveCfg = Debug|Win32
		{5F262AE2-0154-4424-8CC3-ECB9861D17A0}.Debug|x86.Build.0 = Debug|Win32
		{5F262AE2-0154-4424-8CC3-ECB9861D17A0}.Release|x64.ActiveCfg = Release|x64
		{5F262AE2-0154-4424-8CC3-ECB9861D17A0}.Release|x64.Build.0 = Release|x64
		{5F262AE2-0154-4424-8CC3-ECB9861D17A0}.Release|x86.ActiveCfg = Release|Win32
		{5F262AE2-0154-4424-8CC3-ECB9861D17A0}.Release|x86.Build.0 = Release|Win32
	EndGlobalSection
	GlobalSection(SolutionProperties) = preSolution
		HideSolutionNode = FALSE
	EndGlobalSection
	GlobalSection(ExtensibilityGlobals) = postSolution
		SolutionGuid = {F9459297-0CD0-4AEF-82EC-F624DE7E1C66}
	EndGlobalSection
EndGlobal
