
Microsoft Visual Studio Solution File, Format Version 12.00
# Visual Studio Version 17
VisualStudioVersion = 17.3.32901.215
MinimumVisualStudioVersion = 10.0.40219.1
Project("{8BC9CEB8-8B4A-11D0-8D11-00A0C91BC942}") = "4-1", "4-1\4-1.vcxproj", "{860DE130-F35E-40F8-822C-35474F0966ED}"
EndProject
Project("{8BC9CEB8-8B4A-11D0-8D11-00A0C91BC942}") = "4-2", "4-2\4-2.vcxproj", "{1D2E8B63-0572-4C18-99E7-8A1DC329B1F7}"
EndProject
Project("{8BC9CEB8-8B4A-11D0-8D11-00A0C91BC942}") = "4-3", "4-3\4-3.vcxproj", "{5A86B76F-BDA2-452B-B913-053A886C75F1}"
EndProject
Project("{8BC9CEB8-8B4A-11D0-8D11-00A0C91BC942}") = "4-3(2)", "4-3(2)\4-3(2).vcxproj", "{718D683C-476C-4EC0-861A-8B976DBD5C92}"
EndProject
Project("{8BC9CEB8-8B4A-11D0-8D11-00A0C91BC942}") = "4-4", "4-4\4-4.vcxproj", "{98EC1D1F-73B8-4A49-B996-301C86A54E3B}"
EndProject
Project("{8BC9CEB8-8B4A-11D0-8D11-00A0C91BC942}") = "4-5", "4-5\4-5.vcxproj", "{3F0A8EB3-70ED-4AE3-A00F-E9808FE896AB}"
EndProject
Project("{8BC9CEB8-8B4A-11D0-8D11-00A0C91BC942}") = "4-6", "4-6\4-6.vcxproj", "{09E5C9DA-FD1C-4016-AB5A-032DCE7F981F}"
EndProject
Project("{8BC9CEB8-8B4A-11D0-8D11-00A0C91BC942}") = "4-7", "4-7\4-7.vcxproj", "{32263091-8EBC-4D93-BED3-303B51C6E478}"
EndProject
Project("{8BC9CEB8-8B4A-11D0-8D11-00A0C91BC942}") = "4-8", "4-8\4-8.vcxproj", "{8E612E28-6279-4528-901E-12E00A68F7A9}"
EndProject
Project("{8BC9CEB8-8B4A-11D0-8D11-00A0C91BC942}") = "4-9", "4-9\4-9.vcxproj", "{54F7B4E9-987C-42CE-B323-23D9ED4BB510}"
EndProject
Project("{8BC9CEB8-8B4A-11D0-8D11-00A0C91BC942}") = "4-10", "4-10\4-10.vcxproj", "{05ACAFFC-4B87-44C6-B8A5-0F6EFFABF949}"
EndProject
Project("{8BC9CEB8-8B4A-11D0-8D11-00A0C91BC942}") = "4-11", "4-11\4-11.vcxproj", "{3ABD7F9D-5C27-4321-9E08-47278F9E7B39}"
EndProject
Project("{8BC9CEB8-8B4A-11D0-8D11-00A0C91BC942}") = "4-12", "4-12\4-12.vcxproj", "{DFBD8D3B-2A13-420B-97BD-F6B622AD7DB3}"
EndProject
Project("{8BC9CEB8-8B4A-11D0-8D11-00A0C91BC942}") = "4-13", "4-13\4-13.vcxproj", "{326AB99F-BD9E-4A69-883C-0BDB1857D3D9}"
EndProject
Project("{8BC9CEB8-8B4A-11D0-8D11-00A0C91BC942}") = "4-14", "4-14\4-14.vcxproj", "{1A27FCAF-CE35-49D9-9F15-C0984FC6125A}"
EndProject
Global
	GlobalSection(SolutionConfigurationPlatforms) = preSolution
		Debug|x64 = Debug|x64
		Debug|x86 = Debug|x86
		Release|x64 = Release|x64
		Release|x86 = Release|x86
	EndGlobalSection
	GlobalSection(ProjectConfigurationPlatforms) = postSolution
		{860DE130-F35E-40F8-822C-35474F0966ED}.Debug|x64.ActiveCfg = Debug|x64
		{860DE130-F35E-40F8-822C-35474F0966ED}.Debug|x64.Build.0 = Debug|x64
		{860DE130-F35E-40F8-822C-35474F0966ED}.Debug|x86.ActiveCfg = Debug|Win32
		{860DE130-F35E-40F8-822C-35474F0966ED}.Debug|x86.Build.0 = Debug|Win32
		{860DE130-F35E-40F8-822C-35474F0966ED}.Release|x64.ActiveCfg = Release|x64
		{860DE130-F35E-40F8-822C-35474F0966ED}.Release|x64.Build.0 = Release|x64
		{860DE130-F35E-40F8-822C-35474F0966ED}.Release|x86.ActiveCfg = Release|Win32
		{860DE130-F35E-40F8-822C-35474F0966ED}.Release|x86.Build.0 = Release|Win32
		{1D2E8B63-0572-4C18-99E7-8A1DC329B1F7}.Debug|x64.ActiveCfg = Debug|x64
		{1D2E8B63-0572-4C18-99E7-8A1DC329B1F7}.Debug|x64.Build.0 = Debug|x64
		{1D2E8B63-0572-4C18-99E7-8A1DC329B1F7}.Debug|x86.ActiveCfg = Debug|Win32
		{1D2E8B63-0572-4C18-99E7-8A1DC329B1F7}.Debug|x86.Build.0 = Debug|Win32
		{1D2E8B63-0572-4C18-99E7-8A1DC329B1F7}.Release|x64.ActiveCfg = Release|x64
		{1D2E8B63-0572-4C18-99E7-8A1DC329B1F7}.Release|x64.Build.0 = Release|x64
		{1D2E8B63-0572-4C18-99E7-8A1DC329B1F7}.Release|x86.ActiveCfg = Release|Win32
		{1D2E8B63-0572-4C18-99E7-8A1DC329B1F7}.Release|x86.Build.0 = Release|Win32
		{5A86B76F-BDA2-452B-B913-053A886C75F1}.Debug|x64.ActiveCfg = Debug|x64
		{5A86B76F-BDA2-452B-B913-053A886C75F1}.Debug|x64.Build.0 = Debug|x64
		{5A86B76F-BDA2-452B-B913-053A886C75F1}.Debug|x86.ActiveCfg = Debug|Win32
		{5A86B76F-BDA2-452B-B913-053A886C75F1}.Debug|x86.Build.0 = Debug|Win32
		{5A86B76F-BDA2-452B-B913-053A886C75F1}.Release|x64.ActiveCfg = Release|x64
		{5A86B76F-BDA2-452B-B913-053A886C75F1}.Release|x64.Build.0 = Release|x64
		{5A86B76F-BDA2-452B-B913-053A886C75F1}.Release|x86.ActiveCfg = Release|Win32
		{5A86B76F-BDA2-452B-B913-053A886C75F1}.Release|x86.Build.0 = Release|Win32
		{718D683C-476C-4EC0-861A-8B976DBD5C92}.Debug|x64.ActiveCfg = Debug|x64
		{718D683C-476C-4EC0-861A-8B976DBD5C92}.Debug|x64.Build.0 = Debug|x64
		{718D683C-476C-4EC0-861A-8B976DBD5C92}.Debug|x86.ActiveCfg = Debug|Win32
		{718D683C-476C-4EC0-861A-8B976DBD5C92}.Debug|x86.Build.0 = Debug|Win32
		{718D683C-476C-4EC0-861A-8B976DBD5C92}.Release|x64.ActiveCfg = Release|x64
		{718D683C-476C-4EC0-861A-8B976DBD5C92}.Release|x64.Build.0 = Release|x64
		{718D683C-476C-4EC0-861A-8B976DBD5C92}.Release|x86.ActiveCfg = Release|Win32
		{718D683C-476C-4EC0-861A-8B976DBD5C92}.Release|x86.Build.0 = Release|Win32
		{98EC1D1F-73B8-4A49-B996-301C86A54E3B}.Debug|x64.ActiveCfg = Debug|x64
		{98EC1D1F-73B8-4A49-B996-301C86A54E3B}.Debug|x64.Build.0 = Debug|x64
		{98EC1D1F-73B8-4A49-B996-301C86A54E3B}.Debug|x86.ActiveCfg = Debug|Win32
		{98EC1D1F-73B8-4A49-B996-301C86A54E3B}.Debug|x86.Build.0 = Debug|Win32
		{98EC1D1F-73B8-4A49-B996-301C86A54E3B}.Release|x64.ActiveCfg = Release|x64
		{98EC1D1F-73B8-4A49-B996-301C86A54E3B}.Release|x64.Build.0 = Release|x64
		{98EC1D1F-73B8-4A49-B996-301C86A54E3B}.Release|x86.ActiveCfg = Release|Win32
		{98EC1D1F-73B8-4A49-B996-301C86A54E3B}.Release|x86.Build.0 = Release|Win32
		{3F0A8EB3-70ED-4AE3-A00F-E9808FE896AB}.Debug|x64.ActiveCfg = Debug|x64
		{3F0A8EB3-70ED-4AE3-A00F-E9808FE896AB}.Debug|x64.Build.0 = Debug|x64
		{3F0A8EB3-70ED-4AE3-A00F-E9808FE896AB}.Debug|x86.ActiveCfg = Debug|Win32
		{3F0A8EB3-70ED-4AE3-A00F-E9808FE896AB}.Debug|x86.Build.0 = Debug|Win32
		{3F0A8EB3-70ED-4AE3-A00F-E9808FE896AB}.Release|x64.ActiveCfg = Release|x64
		{3F0A8EB3-70ED-4AE3-A00F-E9808FE896AB}.Release|x64.Build.0 = Release|x64
		{3F0A8EB3-70ED-4AE3-A00F-E9808FE896AB}.Release|x86.ActiveCfg = Release|Win32
		{3F0A8EB3-70ED-4AE3-A00F-E9808FE896AB}.Release|x86.Build.0 = Release|Win32
		{09E5C9DA-FD1C-4016-AB5A-032DCE7F981F}.Debug|x64.ActiveCfg = Debug|x64
		{09E5C9DA-FD1C-4016-AB5A-032DCE7F981F}.Debug|x64.Build.0 = Debug|x64
		{09E5C9DA-FD1C-4016-AB5A-032DCE7F981F}.Debug|x86.ActiveCfg = Debug|Win32
		{09E5C9DA-FD1C-4016-AB5A-032DCE7F981F}.Debug|x86.Build.0 = Debug|Win32
		{09E5C9DA-FD1C-4016-AB5A-032DCE7F981F}.Release|x64.ActiveCfg = Release|x64
		{09E5C9DA-FD1C-4016-AB5A-032DCE7F981F}.Release|x64.Build.0 = Release|x64
		{09E5C9DA-FD1C-4016-AB5A-032DCE7F981F}.Release|x86.ActiveCfg = Release|Win32
		{09E5C9DA-FD1C-4016-AB5A-032DCE7F981F}.Release|x86.Build.0 = Release|Win32
		{32263091-8EBC-4D93-BED3-303B51C6E478}.Debug|x64.ActiveCfg = Debug|x64
		{32263091-8EBC-4D93-BED3-303B51C6E478}.Debug|x64.Build.0 = Debug|x64
		{32263091-8EBC-4D93-BED3-303B51C6E478}.Debug|x86.ActiveCfg = Debug|Win32
		{32263091-8EBC-4D93-BED3-303B51C6E478}.Debug|x86.Build.0 = Debug|Win32
		{32263091-8EBC-4D93-BED3-303B51C6E478}.Release|x64.ActiveCfg = Release|x64
		{32263091-8EBC-4D93-BED3-303B51C6E478}.Release|x64.Build.0 = Release|x64
		{32263091-8EBC-4D93-BED3-303B51C6E478}.Release|x86.ActiveCfg = Release|Win32
		{32263091-8EBC-4D93-BED3-303B51C6E478}.Release|x86.Build.0 = Release|Win32
		{8E612E28-6279-4528-901E-12E00A68F7A9}.Debug|x64.ActiveCfg = Debug|x64
		{8E612E28-6279-4528-901E-12E00A68F7A9}.Debug|x64.Build.0 = Debug|x64
		{8E612E28-6279-4528-901E-12E00A68F7A9}.Debug|x86.ActiveCfg = Debug|Win32
		{8E612E28-6279-4528-901E-12E00A68F7A9}.Debug|x86.Build.0 = Debug|Win32
		{8E612E28-6279-4528-901E-12E00A68F7A9}.Release|x64.ActiveCfg = Release|x64
		{8E612E28-6279-4528-901E-12E00A68F7A9}.Release|x64.Build.0 = Release|x64
		{8E612E28-6279-4528-901E-12E00A68F7A9}.Release|x86.ActiveCfg = Release|Win32
		{8E612E28-6279-4528-901E-12E00A68F7A9}.Release|x86.Build.0 = Release|Win32
		{54F7B4E9-987C-42CE-B323-23D9ED4BB510}.Debug|x64.ActiveCfg = Debug|x64
		{54F7B4E9-987C-42CE-B323-23D9ED4BB510}.Debug|x64.Build.0 = Debug|x64
		{54F7B4E9-987C-42CE-B323-23D9ED4BB510}.Debug|x86.ActiveCfg = Debug|Win32
		{54F7B4E9-987C-42CE-B323-23D9ED4BB510}.Debug|x86.Build.0 = Debug|Win32
		{54F7B4E9-987C-42CE-B323-23D9ED4BB510}.Release|x64.ActiveCfg = Release|x64
		{54F7B4E9-987C-42CE-B323-23D9ED4BB510}.Release|x64.Build.0 = Release|x64
		{54F7B4E9-987C-42CE-B323-23D9ED4BB510}.Release|x86.ActiveCfg = Release|Win32
		{54F7B4E9-987C-42CE-B323-23D9ED4BB510}.Release|x86.Build.0 = Release|Win32
		{05ACAFFC-4B87-44C6-B8A5-0F6EFFABF949}.Debug|x64.ActiveCfg = Debug|x64
		{05ACAFFC-4B87-44C6-B8A5-0F6EFFABF949}.Debug|x64.Build.0 = Debug|x64
		{05ACAFFC-4B87-44C6-B8A5-0F6EFFABF949}.Debug|x86.ActiveCfg = Debug|Win32
		{05ACAFFC-4B87-44C6-B8A5-0F6EFFABF949}.Debug|x86.Build.0 = Debug|Win32
		{05ACAFFC-4B87-44C6-B8A5-0F6EFFABF949}.Release|x64.ActiveCfg = Release|x64
		{05ACAFFC-4B87-44C6-B8A5-0F6EFFABF949}.Release|x64.Build.0 = Release|x64
		{05ACAFFC-4B87-44C6-B8A5-0F6EFFABF949}.Release|x86.ActiveCfg = Release|Win32
		{05ACAFFC-4B87-44C6-B8A5-0F6EFFABF949}.Release|x86.Build.0 = Release|Win32
		{3ABD7F9D-5C27-4321-9E08-47278F9E7B39}.Debug|x64.ActiveCfg = Debug|x64
		{3ABD7F9D-5C27-4321-9E08-47278F9E7B39}.Debug|x64.Build.0 = Debug|x64
		{3ABD7F9D-5C27-4321-9E08-47278F9E7B39}.Debug|x86.ActiveCfg = Debug|Win32
		{3ABD7F9D-5C27-4321-9E08-47278F9E7B39}.Debug|x86.Build.0 = Debug|Win32
		{3ABD7F9D-5C27-4321-9E08-47278F9E7B39}.Release|x64.ActiveCfg = Release|x64
		{3ABD7F9D-5C27-4321-9E08-47278F9E7B39}.Release|x64.Build.0 = Release|x64
		{3ABD7F9D-5C27-4321-9E08-47278F9E7B39}.Release|x86.ActiveCfg = Release|Win32
		{3ABD7F9D-5C27-4321-9E08-47278F9E7B39}.Release|x86.Build.0 = Release|Win32
		{DFBD8D3B-2A13-420B-97BD-F6B622AD7DB3}.Debug|x64.ActiveCfg = Debug|x64
		{DFBD8D3B-2A13-420B-97BD-F6B622AD7DB3}.Debug|x64.Build.0 = Debug|x64
		{DFBD8D3B-2A13-420B-97BD-F6B622AD7DB3}.Debug|x86.ActiveCfg = Debug|Win32
		{DFBD8D3B-2A13-420B-97BD-F6B622AD7DB3}.Debug|x86.Build.0 = Debug|Win32
		{DFBD8D3B-2A13-420B-97BD-F6B622AD7DB3}.Release|x64.ActiveCfg = Release|x64
		{DFBD8D3B-2A13-420B-97BD-F6B622AD7DB3}.Release|x64.Build.0 = Release|x64
		{DFBD8D3B-2A13-420B-97BD-F6B622AD7DB3}.Release|x86.ActiveCfg = Release|Win32
		{DFBD8D3B-2A13-420B-97BD-F6B622AD7DB3}.Release|x86.Build.0 = Release|Win32
		{326AB99F-BD9E-4A69-883C-0BDB1857D3D9}.Debug|x64.ActiveCfg = Debug|x64
		{326AB99F-BD9E-4A69-883C-0BDB1857D3D9}.Debug|x64.Build.0 = Debug|x64
		{326AB99F-BD9E-4A69-883C-0BDB1857D3D9}.Debug|x86.ActiveCfg = Debug|Win32
		{326AB99F-BD9E-4A69-883C-0BDB1857D3D9}.Debug|x86.Build.0 = Debug|Win32
		{326AB99F-BD9E-4A69-883C-0BDB1857D3D9}.Release|x64.ActiveCfg = Release|x64
		{326AB99F-BD9E-4A69-883C-0BDB1857D3D9}.Release|x64.Build.0 = Release|x64
		{326AB99F-BD9E-4A69-883C-0BDB1857D3D9}.Release|x86.ActiveCfg = Release|Win32
		{326AB99F-BD9E-4A69-883C-0BDB1857D3D9}.Release|x86.Build.0 = Release|Win32
		{1A27FCAF-CE35-49D9-9F15-C0984FC6125A}.Debug|x64.ActiveCfg = Debug|x64
		{1A27FCAF-CE35-49D9-9F15-C0984FC6125A}.Debug|x64.Build.0 = Debug|x64
		{1A27FCAF-CE35-49D9-9F15-C0984FC6125A}.Debug|x86.ActiveCfg = Debug|Win32
		{1A27FCAF-CE35-49D9-9F15-C0984FC6125A}.Debug|x86.Build.0 = Debug|Win32
		{1A27FCAF-CE35-49D9-9F15-C0984FC6125A}.Release|x64.ActiveCfg = Release|x64
		{1A27FCAF-CE35-49D9-9F15-C0984FC6125A}.Release|x64.Build.0 = Release|x64
		{1A27FCAF-CE35-49D9-9F15-C0984FC6125A}.Release|x86.ActiveCfg = Release|Win32
		{1A27FCAF-CE35-49D9-9F15-C0984FC6125A}.Release|x86.Build.0 = Release|Win32
	EndGlobalSection
	GlobalSection(SolutionProperties) = preSolution
		HideSolutionNode = FALSE
	EndGlobalSection
	GlobalSection(ExtensibilityGlobals) = postSolution
		SolutionGuid = {05962977-DADB-4738-9E23-AF29782775BC}
	EndGlobalSection
EndGlobal
