
Microsoft Visual Studio Solution File, Format Version 12.00
# Visual Studio Version 17
VisualStudioVersion = 17.3.32901.215
MinimumVisualStudioVersion = 10.0.40219.1
Project("{8BC9CEB8-8B4A-11D0-8D11-00A0C91BC942}") = "8-1", "8-1\8-1.vcxproj", "{7AF2FC85-8081-4F81-A58E-F44939B65355}"
EndProject
Project("{8BC9CEB8-8B4A-11D0-8D11-00A0C91BC942}") = "8-2", "8-2\8-2.vcxproj", "{CC172ECD-DDCF-4515-BEB0-FFFD90F33ADD}"
EndProject
Project("{8BC9CEB8-8B4A-11D0-8D11-00A0C91BC942}") = "8-3", "8-3\8-3.vcxproj", "{0570EAC4-1FBD-4C4F-8463-55B28812D657}"
EndProject
Project("{8BC9CEB8-8B4A-11D0-8D11-00A0C91BC942}") = "8-4", "8-4\8-4.vcxproj", "{4D6FCE28-783C-49B3-9268-D417182EEAAF}"
EndProject
Project("{8BC9CEB8-8B4A-11D0-8D11-00A0C91BC942}") = "8-5", "8-5\8-5.vcxproj", "{AFAF8010-39C3-44AA-AA8E-DA235C81470E}"
EndProject
Project("{8BC9CEB8-8B4A-11D0-8D11-00A0C91BC942}") = "8-6", "8-6\8-6.vcxproj", "{218ED60E-69FB-4457-9678-B372552BC8FA}"
EndProject
Project("{8BC9CEB8-8B4A-11D0-8D11-00A0C91BC942}") = "8-7", "8-7\8-7.vcxproj", "{924F8F44-5309-4159-A7F6-FB3A57D5E956}"
EndProject
Project("{8BC9CEB8-8B4A-11D0-8D11-00A0C91BC942}") = "8-8", "8-8\8-8.vcxproj", "{77C4994F-7A2B-4827-9246-C1DA43584E50}"
EndProject
Project("{8BC9CEB8-8B4A-11D0-8D11-00A0C91BC942}") = "8-9", "8-9\8-9.vcxproj", "{78AFE160-00B0-4347-80FF-4D95ECD74DA3}"
EndProject
Global
	GlobalSection(SolutionConfigurationPlatforms) = preSolution
		Debug|x64 = Debug|x64
		Debug|x86 = Debug|x86
		Release|x64 = Release|x64
		Release|x86 = Release|x86
	EndGlobalSection
	GlobalSection(ProjectConfigurationPlatforms) = postSolution
		{7AF2FC85-8081-4F81-A58E-F44939B65355}.Debug|x64.ActiveCfg = Debug|x64
		{7AF2FC85-8081-4F81-A58E-F44939B65355}.Debug|x64.Build.0 = Debug|x64
		{7AF2FC85-8081-4F81-A58E-F44939B65355}.Debug|x86.ActiveCfg = Debug|Win32
		{7AF2FC85-8081-4F81-A58E-F44939B65355}.Debug|x86.Build.0 = Debug|Win32
		{7AF2FC85-8081-4F81-A58E-F44939B65355}.Release|x64.ActiveCfg = Release|x64
		{7AF2FC85-8081-4F81-A58E-F44939B65355}.Release|x64.Build.0 = Release|x64
		{7AF2FC85-8081-4F81-A58E-F44939B65355}.Release|x86.ActiveCfg = Release|Win32
		{7AF2FC85-8081-4F81-A58E-F44939B65355}.Release|x86.Build.0 = Release|Win32
		{CC172ECD-DDCF-4515-BEB0-FFFD90F33ADD}.Debug|x64.ActiveCfg = Debug|x64
		{CC172ECD-DDCF-4515-BEB0-FFFD90F33ADD}.Debug|x64.Build.0 = Debug|x64
		{CC172ECD-DDCF-4515-BEB0-FFFD90F33ADD}.Debug|x86.ActiveCfg = Debug|Win32
		{CC172ECD-DDCF-4515-BEB0-FFFD90F33ADD}.Debug|x86.Build.0 = Debug|Win32
		{CC172ECD-DDCF-4515-BEB0-FFFD90F33ADD}.Release|x64.ActiveCfg = Release|x64
		{CC172ECD-DDCF-4515-BEB0-FFFD90F33ADD}.Release|x64.Build.0 = Release|x64
		{CC172ECD-DDCF-4515-BEB0-FFFD90F33ADD}.Release|x86.ActiveCfg = Release|Win32
		{CC172ECD-DDCF-4515-BEB0-FFFD90F33ADD}.Release|x86.Build.0 = Release|Win32
		{0570EAC4-1FBD-4C4F-8463-55B28812D657}.Debug|x64.ActiveCfg = Debug|x64
		{0570EAC4-1FBD-4C4F-8463-55B28812D657}.Debug|x64.Build.0 = Debug|x64
		{0570EAC4-1FBD-4C4F-8463-55B28812D657}.Debug|x86.ActiveCfg = Debug|Win32
		{0570EAC4-1FBD-4C4F-8463-55B28812D657}.Debug|x86.Build.0 = Debug|Win32
		{0570EAC4-1FBD-4C4F-8463-55B28812D657}.Release|x64.ActiveCfg = Release|x64
		{0570EAC4-1FBD-4C4F-8463-55B28812D657}.Release|x64.Build.0 = Release|x64
		{0570EAC4-1FBD-4C4F-8463-55B28812D657}.Release|x86.ActiveCfg = Release|Win32
		{0570EAC4-1FBD-4C4F-8463-55B28812D657}.Release|x86.Build.0 = Release|Win32
		{4D6FCE28-783C-49B3-9268-D417182EEAAF}.Debug|x64.ActiveCfg = Debug|x64
		{4D6FCE28-783C-49B3-9268-D417182EEAAF}.Debug|x64.Build.0 = Debug|x64
		{4D6FCE28-783C-49B3-9268-D417182EEAAF}.Debug|x86.ActiveCfg = Debug|Win32
		{4D6FCE28-783C-49B3-9268-D417182EEAAF}.Debug|x86.Build.0 = Debug|Win32
		{4D6FCE28-783C-49B3-9268-D417182EEAAF}.Release|x64.ActiveCfg = Release|x64
		{4D6FCE28-783C-49B3-9268-D417182EEAAF}.Release|x64.Build.0 = Release|x64
		{4D6FCE28-783C-49B3-9268-D417182EEAAF}.Release|x86.ActiveCfg = Release|Win32
		{4D6FCE28-783C-49B3-9268-D417182EEAAF}.Release|x86.Build.0 = Release|Win32
		{AFAF8010-39C3-44AA-AA8E-DA235C81470E}.Debug|x64.ActiveCfg = Debug|x64
		{AFAF8010-39C3-44AA-AA8E-DA235C81470E}.Debug|x64.Build.0 = Debug|x64
		{AFAF8010-39C3-44AA-AA8E-DA235C81470E}.Debug|x86.ActiveCfg = Debug|Win32
		{AFAF8010-39C3-44AA-AA8E-DA235C81470E}.Debug|x86.Build.0 = Debug|Win32
		{AFAF8010-39C3-44AA-AA8E-DA235C81470E}.Release|x64.ActiveCfg = Release|x64
		{AFAF8010-39C3-44AA-AA8E-DA235C81470E}.Release|x64.Build.0 = Release|x64
		{AFAF8010-39C3-44AA-AA8E-DA235C81470E}.Release|x86.ActiveCfg = Release|Win32
		{AFAF8010-39C3-44AA-AA8E-DA235C81470E}.Release|x86.Build.0 = Release|Win32
		{218ED60E-69FB-4457-9678-B372552BC8FA}.Debug|x64.ActiveCfg = Debug|x64
		{218ED60E-69FB-4457-9678-B372552BC8FA}.Debug|x64.Build.0 = Debug|x64
		{218ED60E-69FB-4457-9678-B372552BC8FA}.Debug|x86.ActiveCfg = Debug|Win32
		{218ED60E-69FB-4457-9678-B372552BC8FA}.Debug|x86.Build.0 = Debug|Win32
		{218ED60E-69FB-4457-9678-B372552BC8FA}.Release|x64.ActiveCfg = Release|x64
		{218ED60E-69FB-4457-9678-B372552BC8FA}.Release|x64.Build.0 = Release|x64
		{218ED60E-69FB-4457-9678-B372552BC8FA}.Release|x86.ActiveCfg = Release|Win32
		{218ED60E-69FB-4457-9678-B372552BC8FA}.Release|x86.Build.0 = Release|Win32
		{924F8F44-5309-4159-A7F6-FB3A57D5E956}.Debug|x64.ActiveCfg = Debug|x64
		{924F8F44-5309-4159-A7F6-FB3A57D5E956}.Debug|x64.Build.0 = Debug|x64
		{924F8F44-5309-4159-A7F6-FB3A57D5E956}.Debug|x86.ActiveCfg = Debug|Win32
		{924F8F44-5309-4159-A7F6-FB3A57D5E956}.Debug|x86.Build.0 = Debug|Win32
		{924F8F44-5309-4159-A7F6-FB3A57D5E956}.Release|x64.ActiveCfg = Release|x64
		{924F8F44-5309-4159-A7F6-FB3A57D5E956}.Release|x64.Build.0 = Release|x64
		{924F8F44-5309-4159-A7F6-FB3A57D5E956}.Release|x86.ActiveCfg = Release|Win32
		{924F8F44-5309-4159-A7F6-FB3A57D5E956}.Release|x86.Build.0 = Release|Win32
		{77C4994F-7A2B-4827-9246-C1DA43584E50}.Debug|x64.ActiveCfg = Debug|x64
		{77C4994F-7A2B-4827-9246-C1DA43584E50}.Debug|x64.Build.0 = Debug|x64
		{77C4994F-7A2B-4827-9246-C1DA43584E50}.Debug|x86.ActiveCfg = Debug|Win32
		{77C4994F-7A2B-4827-9246-C1DA43584E50}.Debug|x86.Build.0 = Debug|Win32
		{77C4994F-7A2B-4827-9246-C1DA43584E50}.Release|x64.ActiveCfg = Release|x64
		{77C4994F-7A2B-4827-9246-C1DA43584E50}.Release|x64.Build.0 = Release|x64
		{77C4994F-7A2B-4827-9246-C1DA43584E50}.Release|x86.ActiveCfg = Release|Win32
		{77C4994F-7A2B-4827-9246-C1DA43584E50}.Release|x86.Build.0 = Release|Win32
		{78AFE160-00B0-4347-80FF-4D95ECD74DA3}.Debug|x64.ActiveCfg = Debug|x64
		{78AFE160-00B0-4347-80FF-4D95ECD74DA3}.Debug|x64.Build.0 = Debug|x64
		{78AFE160-00B0-4347-80FF-4D95ECD74DA3}.Debug|x86.ActiveCfg = Debug|Win32
		{78AFE160-00B0-4347-80FF-4D95ECD74DA3}.Debug|x86.Build.0 = Debug|Win32
		{78AFE160-00B0-4347-80FF-4D95ECD74DA3}.Release|x64.ActiveCfg = Release|x64
		{78AFE160-00B0-4347-80FF-4D95ECD74DA3}.Release|x64.Build.0 = Release|x64
		{78AFE160-00B0-4347-80FF-4D95ECD74DA3}.Release|x86.ActiveCfg = Release|Win32
		{78AFE160-00B0-4347-80FF-4D95ECD74DA3}.Release|x86.Build.0 = Release|Win32
	EndGlobalSection
	GlobalSection(SolutionProperties) = preSolution
		HideSolutionNode = FALSE
	EndGlobalSection
	GlobalSection(ExtensibilityGlobals) = postSolution
		SolutionGuid = {FF42FF6F-E65A-42C0-B6FF-144E5D5107CC}
	EndGlobalSection
EndGlobal
