
Microsoft Visual Studio Solution File, Format Version 12.00
# Visual Studio Version 17
VisualStudioVersion = 17.3.32901.215
MinimumVisualStudioVersion = 10.0.40219.1
Project("{8BC9CEB8-8B4A-11D0-8D11-00A0C91BC942}") = "11-1", "11-1\11-1.vcxproj", "{44311031-ABB6-47D1-BCF4-C476ACB3F412}"
EndProject
Project("{8BC9CEB8-8B4A-11D0-8D11-00A0C91BC942}") = "11-2", "11-2\11-2.vcxproj", "{E30E32E6-7533-4025-A450-716FE09DD8CF}"
EndProject
Project("{8BC9CEB8-8B4A-11D0-8D11-00A0C91BC942}") = "11-3", "11-3\11-3.vcxproj", "{BF437FC6-2E7B-4125-AE1C-D4ACA7A73804}"
EndProject
Project("{8BC9CEB8-8B4A-11D0-8D11-00A0C91BC942}") = "11-4", "11-4\11-4.vcxproj", "{4BFEEB05-14D4-4157-8111-AB3AC062E38A}"
EndProject
Project("{8BC9CEB8-8B4A-11D0-8D11-00A0C91BC942}") = "11-5", "11-5\11-5.vcxproj", "{FDC203C3-870F-4DE5-BF34-0EB599E2867A}"
EndProject
Project("{8BC9CEB8-8B4A-11D0-8D11-00A0C91BC942}") = "11-6", "11-6\11-6.vcxproj", "{2B385BC4-863B-433A-9841-03C942022546}"
EndProject
Project("{8BC9CEB8-8B4A-11D0-8D11-00A0C91BC942}") = "11-7", "11-7\11-7.vcxproj", "{4C6C1082-4ADD-49B0-A365-F7A993E24000}"
EndProject
Project("{8BC9CEB8-8B4A-11D0-8D11-00A0C91BC942}") = "11-8", "11-8\11-8.vcxproj", "{1FF593E5-5930-4762-A439-A1D495A3A67D}"
EndProject
Project("{8BC9CEB8-8B4A-11D0-8D11-00A0C91BC942}") = "11-9", "11-9\11-9.vcxproj", "{8EA3D499-039D-445B-9004-0F54B9156FF6}"
EndProject
Project("{8BC9CEB8-8B4A-11D0-8D11-00A0C91BC942}") = "11-10", "11-10\11-10.vcxproj", "{C2CFAA66-A5E0-4776-957B-6AB3D7C25481}"
EndProject
Project("{8BC9CEB8-8B4A-11D0-8D11-00A0C91BC942}") = "11-11", "11-11\11-11.vcxproj", "{DED1C9BD-209C-49FA-9482-2BFEC1EC9895}"
EndProject
Project("{8BC9CEB8-8B4A-11D0-8D11-00A0C91BC942}") = "11-12", "11-12\11-12.vcxproj", "{6434FED5-3101-4DDB-88D1-4548632B24AA}"
EndProject
Global
	GlobalSection(SolutionConfigurationPlatforms) = preSolution
		Debug|x64 = Debug|x64
		Debug|x86 = Debug|x86
		Release|x64 = Release|x64
		Release|x86 = Release|x86
	EndGlobalSection
	GlobalSection(ProjectConfigurationPlatforms) = postSolution
		{44311031-ABB6-47D1-BCF4-C476ACB3F412}.Debug|x64.ActiveCfg = Debug|x64
		{44311031-ABB6-47D1-BCF4-C476ACB3F412}.Debug|x64.Build.0 = Debug|x64
		{44311031-ABB6-47D1-BCF4-C476ACB3F412}.Debug|x86.ActiveCfg = Debug|Win32
		{44311031-ABB6-47D1-BCF4-C476ACB3F412}.Debug|x86.Build.0 = Debug|Win32
		{44311031-ABB6-47D1-BCF4-C476ACB3F412}.Release|x64.ActiveCfg = Release|x64
		{44311031-ABB6-47D1-BCF4-C476ACB3F412}.Release|x64.Build.0 = Release|x64
		{44311031-ABB6-47D1-BCF4-C476ACB3F412}.Release|x86.ActiveCfg = Release|Win32
		{44311031-ABB6-47D1-BCF4-C476ACB3F412}.Release|x86.Build.0 = Release|Win32
		{E30E32E6-7533-4025-A450-716FE09DD8CF}.Debug|x64.ActiveCfg = Debug|x64
		{E30E32E6-7533-4025-A450-716FE09DD8CF}.Debug|x64.Build.0 = Debug|x64
		{E30E32E6-7533-4025-A450-716FE09DD8CF}.Debug|x86.ActiveCfg = Debug|Win32
		{E30E32E6-7533-4025-A450-716FE09DD8CF}.Debug|x86.Build.0 = Debug|Win32
		{E30E32E6-7533-4025-A450-716FE09DD8CF}.Release|x64.ActiveCfg = Release|x64
		{E30E32E6-7533-4025-A450-716FE09DD8CF}.Release|x64.Build.0 = Release|x64
		{E30E32E6-7533-4025-A450-716FE09DD8CF}.Release|x86.ActiveCfg = Release|Win32
		{E30E32E6-7533-4025-A450-716FE09DD8CF}.Release|x86.Build.0 = Release|Win32
		{BF437FC6-2E7B-4125-AE1C-D4ACA7A73804}.Debug|x64.ActiveCfg = Debug|x64
		{BF437FC6-2E7B-4125-AE1C-D4ACA7A73804}.Debug|x64.Build.0 = Debug|x64
		{BF437FC6-2E7B-4125-AE1C-D4ACA7A73804}.Debug|x86.ActiveCfg = Debug|Win32
		{BF437FC6-2E7B-4125-AE1C-D4ACA7A73804}.Debug|x86.Build.0 = Debug|Win32
		{BF437FC6-2E7B-4125-AE1C-D4ACA7A73804}.Release|x64.ActiveCfg = Release|x64
		{BF437FC6-2E7B-4125-AE1C-D4ACA7A73804}.Release|x64.Build.0 = Release|x64
		{BF437FC6-2E7B-4125-AE1C-D4ACA7A73804}.Release|x86.ActiveCfg = Release|Win32
		{BF437FC6-2E7B-4125-AE1C-D4ACA7A73804}.Release|x86.Build.0 = Release|Win32
		{4BFEEB05-14D4-4157-8111-AB3AC062E38A}.Debug|x64.ActiveCfg = Debug|x64
		{4BFEEB05-14D4-4157-8111-AB3AC062E38A}.Debug|x64.Build.0 = Debug|x64
		{4BFEEB05-14D4-4157-8111-AB3AC062E38A}.Debug|x86.ActiveCfg = Debug|Win32
		{4BFEEB05-14D4-4157-8111-AB3AC062E38A}.Debug|x86.Build.0 = Debug|Win32
		{4BFEEB05-14D4-4157-8111-AB3AC062E38A}.Release|x64.ActiveCfg = Release|x64
		{4BFEEB05-14D4-4157-8111-AB3AC062E38A}.Release|x64.Build.0 = Release|x64
		{4BFEEB05-14D4-4157-8111-AB3AC062E38A}.Release|x86.ActiveCfg = Release|Win32
		{4BFEEB05-14D4-4157-8111-AB3AC062E38A}.Release|x86.Build.0 = Release|Win32
		{FDC203C3-870F-4DE5-BF34-0EB599E2867A}.Debug|x64.ActiveCfg = Debug|x64
		{FDC203C3-870F-4DE5-BF34-0EB599E2867A}.Debug|x64.Build.0 = Debug|x64
		{FDC203C3-870F-4DE5-BF34-0EB599E2867A}.Debug|x86.ActiveCfg = Debug|Win32
		{FDC203C3-870F-4DE5-BF34-0EB599E2867A}.Debug|x86.Build.0 = Debug|Win32
		{FDC203C3-870F-4DE5-BF34-0EB599E2867A}.Release|x64.ActiveCfg = Release|x64
		{FDC203C3-870F-4DE5-BF34-0EB599E2867A}.Release|x64.Build.0 = Release|x64
		{FDC203C3-870F-4DE5-BF34-0EB599E2867A}.Release|x86.ActiveCfg = Release|Win32
		{FDC203C3-870F-4DE5-BF34-0EB599E2867A}.Release|x86.Build.0 = Release|Win32
		{2B385BC4-863B-433A-9841-03C942022546}.Debug|x64.ActiveCfg = Debug|x64
		{2B385BC4-863B-433A-9841-03C942022546}.Debug|x64.Build.0 = Debug|x64
		{2B385BC4-863B-433A-9841-03C942022546}.Debug|x86.ActiveCfg = Debug|Win32
		{2B385BC4-863B-433A-9841-03C942022546}.Debug|x86.Build.0 = Debug|Win32
		{2B385BC4-863B-433A-9841-03C942022546}.Release|x64.ActiveCfg = Release|x64
		{2B385BC4-863B-433A-9841-03C942022546}.Release|x64.Build.0 = Release|x64
		{2B385BC4-863B-433A-9841-03C942022546}.Release|x86.ActiveCfg = Release|Win32
		{2B385BC4-863B-433A-9841-03C942022546}.Release|x86.Build.0 = Release|Win32
		{4C6C1082-4ADD-49B0-A365-F7A993E24000}.Debug|x64.ActiveCfg = Debug|x64
		{4C6C1082-4ADD-49B0-A365-F7A993E24000}.Debug|x64.Build.0 = Debug|x64
		{4C6C1082-4ADD-49B0-A365-F7A993E24000}.Debug|x86.ActiveCfg = Debug|Win32
		{4C6C1082-4ADD-49B0-A365-F7A993E24000}.Debug|x86.Build.0 = Debug|Win32
		{4C6C1082-4ADD-49B0-A365-F7A993E24000}.Release|x64.ActiveCfg = Release|x64
		{4C6C1082-4ADD-49B0-A365-F7A993E24000}.Release|x64.Build.0 = Release|x64
		{4C6C1082-4ADD-49B0-A365-F7A993E24000}.Release|x86.ActiveCfg = Release|Win32
		{4C6C1082-4ADD-49B0-A365-F7A993E24000}.Release|x86.Build.0 = Release|Win32
		{1FF593E5-5930-4762-A439-A1D495A3A67D}.Debug|x64.ActiveCfg = Debug|x64
		{1FF593E5-5930-4762-A439-A1D495A3A67D}.Debug|x64.Build.0 = Debug|x64
		{1FF593E5-5930-4762-A439-A1D495A3A67D}.Debug|x86.ActiveCfg = Debug|Win32
		{1FF593E5-5930-4762-A439-A1D495A3A67D}.Debug|x86.Build.0 = Debug|Win32
		{1FF593E5-5930-4762-A439-A1D495A3A67D}.Release|x64.ActiveCfg = Release|x64
		{1FF593E5-5930-4762-A439-A1D495A3A67D}.Release|x64.Build.0 = Release|x64
		{1FF593E5-5930-4762-A439-A1D495A3A67D}.Release|x86.ActiveCfg = Release|Win32
		{1FF593E5-5930-4762-A439-A1D495A3A67D}.Release|x86.Build.0 = Release|Win32
		{8EA3D499-039D-445B-9004-0F54B9156FF6}.Debug|x64.ActiveCfg = Debug|x64
		{8EA3D499-039D-445B-9004-0F54B9156FF6}.Debug|x64.Build.0 = Debug|x64
		{8EA3D499-039D-445B-9004-0F54B9156FF6}.Debug|x86.ActiveCfg = Debug|Win32
		{8EA3D499-039D-445B-9004-0F54B9156FF6}.Debug|x86.Build.0 = Debug|Win32
		{8EA3D499-039D-445B-9004-0F54B9156FF6}.Release|x64.ActiveCfg = Release|x64
		{8EA3D499-039D-445B-9004-0F54B9156FF6}.Release|x64.Build.0 = Release|x64
		{8EA3D499-039D-445B-9004-0F54B9156FF6}.Release|x86.ActiveCfg = Release|Win32
		{8EA3D499-039D-445B-9004-0F54B9156FF6}.Release|x86.Build.0 = Release|Win32
		{C2CFAA66-A5E0-4776-957B-6AB3D7C25481}.Debug|x64.ActiveCfg = Debug|x64
		{C2CFAA66-A5E0-4776-957B-6AB3D7C25481}.Debug|x64.Build.0 = Debug|x64
		{C2CFAA66-A5E0-4776-957B-6AB3D7C25481}.Debug|x86.ActiveCfg = Debug|Win32
		{C2CFAA66-A5E0-4776-957B-6AB3D7C25481}.Debug|x86.Build.0 = Debug|Win32
		{C2CFAA66-A5E0-4776-957B-6AB3D7C25481}.Release|x64.ActiveCfg = Release|x64
		{C2CFAA66-A5E0-4776-957B-6AB3D7C25481}.Release|x64.Build.0 = Release|x64
		{C2CFAA66-A5E0-4776-957B-6AB3D7C25481}.Release|x86.ActiveCfg = Release|Win32
		{C2CFAA66-A5E0-4776-957B-6AB3D7C25481}.Release|x86.Build.0 = Release|Win32
		{DED1C9BD-209C-49FA-9482-2BFEC1EC9895}.Debug|x64.ActiveCfg = Debug|x64
		{DED1C9BD-209C-49FA-9482-2BFEC1EC9895}.Debug|x64.Build.0 = Debug|x64
		{DED1C9BD-209C-49FA-9482-2BFEC1EC9895}.Debug|x86.ActiveCfg = Debug|Win32
		{DED1C9BD-209C-49FA-9482-2BFEC1EC9895}.Debug|x86.Build.0 = Debug|Win32
		{DED1C9BD-209C-49FA-9482-2BFEC1EC9895}.Release|x64.ActiveCfg = Release|x64
		{DED1C9BD-209C-49FA-9482-2BFEC1EC9895}.Release|x64.Build.0 = Release|x64
		{DED1C9BD-209C-49FA-9482-2BFEC1EC9895}.Release|x86.ActiveCfg = Release|Win32
		{DED1C9BD-209C-49FA-9482-2BFEC1EC9895}.Release|x86.Build.0 = Release|Win32
		{6434FED5-3101-4DDB-88D1-4548632B24AA}.Debug|x64.ActiveCfg = Debug|x64
		{6434FED5-3101-4DDB-88D1-4548632B24AA}.Debug|x64.Build.0 = Debug|x64
		{6434FED5-3101-4DDB-88D1-4548632B24AA}.Debug|x86.ActiveCfg = Debug|Win32
		{6434FED5-3101-4DDB-88D1-4548632B24AA}.Debug|x86.Build.0 = Debug|Win32
		{6434FED5-3101-4DDB-88D1-4548632B24AA}.Release|x64.ActiveCfg = Release|x64
		{6434FED5-3101-4DDB-88D1-4548632B24AA}.Release|x64.Build.0 = Release|x64
		{6434FED5-3101-4DDB-88D1-4548632B24AA}.Release|x86.ActiveCfg = Release|Win32
		{6434FED5-3101-4DDB-88D1-4548632B24AA}.Release|x86.Build.0 = Release|Win32
	EndGlobalSection
	GlobalSection(SolutionProperties) = preSolution
		HideSolutionNode = FALSE
	EndGlobalSection
	GlobalSection(ExtensibilityGlobals) = postSolution
		SolutionGuid = {A9A52D9F-933A-4A95-8D87-83E66AD432C8}
	EndGlobalSection
EndGlobal
