
Microsoft Visual Studio Solution File, Format Version 12.00
# Visual Studio Version 17
VisualStudioVersion = 17.3.32901.215
MinimumVisualStudioVersion = 10.0.40219.1
Project("{8BC9CEB8-8B4A-11D0-8D11-00A0C91BC942}") = "3-1", "3-1\3-1.vcxproj", "{D4CCA783-C2D9-4707-A84E-6F83CB3244BC}"
EndProject
Project("{8BC9CEB8-8B4A-11D0-8D11-00A0C91BC942}") = "3-2", "3-2\3-2.vcxproj", "{E6B6C788-535B-46C8-BC5B-8769A7C29E4E}"
EndProject
Project("{8BC9CEB8-8B4A-11D0-8D11-00A0C91BC942}") = "3-3", "2-3\2-3.vcxproj", "{1E496EAE-2D22-439C-BDD4-C5534E84A68F}"
EndProject
Project("{8BC9CEB8-8B4A-11D0-8D11-00A0C91BC942}") = "3-4", "3-4\3-4.vcxproj", "{D8A78688-6AF8-43DE-9AF9-0A846F950B82}"
EndProject
Project("{8BC9CEB8-8B4A-11D0-8D11-00A0C91BC942}") = "3-5", "3-5\3-5.vcxproj", "{EB3EB093-83E4-4CE4-9FFA-4CFACD3E5D9E}"
EndProject
Project("{8BC9CEB8-8B4A-11D0-8D11-00A0C91BC942}") = "3-6", "3-6\3-6.vcxproj", "{71667A56-3C15-4262-88EB-7351F1F092B6}"
EndProject
Project("{8BC9CEB8-8B4A-11D0-8D11-00A0C91BC942}") = "3-7", "3-7\3-7.vcxproj", "{26DF818C-E6D2-4E54-BCAD-A981CD789FC2}"
EndProject
Project("{8BC9CEB8-8B4A-11D0-8D11-00A0C91BC942}") = "3-8", "3-8\3-8.vcxproj", "{BCF5CD95-3BC5-495A-9A58-6E57A1C7E7F1}"
EndProject
Project("{8BC9CEB8-8B4A-11D0-8D11-00A0C91BC942}") = "3-9", "3-9\3-9.vcxproj", "{E502FE34-0709-4F7F-903A-879F5EFB0495}"
EndProject
Project("{8BC9CEB8-8B4A-11D0-8D11-00A0C91BC942}") = "3-10", "3-10\3-10.vcxproj", "{0321E793-E01C-4C26-AFF6-28A4A07427A8}"
EndProject
Project("{8BC9CEB8-8B4A-11D0-8D11-00A0C91BC942}") = "3-10(2)", "3-10(2)\3-10(2).vcxproj", "{FB6C4C10-BA3F-4B3E-B043-CE716D397303}"
EndProject
Project("{8BC9CEB8-8B4A-11D0-8D11-00A0C91BC942}") = "3-11", "3-11\3-11.vcxproj", "{97C141B3-18A0-46AB-BFAF-CDEF1B87B165}"
EndProject
Project("{8BC9CEB8-8B4A-11D0-8D11-00A0C91BC942}") = "3-12", "3-12\3-12.vcxproj", "{372A5C89-BA5F-4857-BD93-CFFEF9D54976}"
EndProject
Global
	GlobalSection(SolutionConfigurationPlatforms) = preSolution
		Debug|x64 = Debug|x64
		Debug|x86 = Debug|x86
		Release|x64 = Release|x64
		Release|x86 = Release|x86
	EndGlobalSection
	GlobalSection(ProjectConfigurationPlatforms) = postSolution
		{D4CCA783-C2D9-4707-A84E-6F83CB3244BC}.Debug|x64.ActiveCfg = Debug|x64
		{D4CCA783-C2D9-4707-A84E-6F83CB3244BC}.Debug|x64.Build.0 = Debug|x64
		{D4CCA783-C2D9-4707-A84E-6F83CB3244BC}.Debug|x86.ActiveCfg = Debug|Win32
		{D4CCA783-C2D9-4707-A84E-6F83CB3244BC}.Debug|x86.Build.0 = Debug|Win32
		{D4CCA783-C2D9-4707-A84E-6F83CB3244BC}.Release|x64.ActiveCfg = Release|x64
		{D4CCA783-C2D9-4707-A84E-6F83CB3244BC}.Release|x64.Build.0 = Release|x64
		{D4CCA783-C2D9-4707-A84E-6F83CB3244BC}.Release|x86.ActiveCfg = Release|Win32
		{D4CCA783-C2D9-4707-A84E-6F83CB3244BC}.Release|x86.Build.0 = Release|Win32
		{E6B6C788-535B-46C8-BC5B-8769A7C29E4E}.Debug|x64.ActiveCfg = Debug|x64
		{E6B6C788-535B-46C8-BC5B-8769A7C29E4E}.Debug|x64.Build.0 = Debug|x64
		{E6B6C788-535B-46C8-BC5B-8769A7C29E4E}.Debug|x86.ActiveCfg = Debug|Win32
		{E6B6C788-535B-46C8-BC5B-8769A7C29E4E}.Debug|x86.Build.0 = Debug|Win32
		{E6B6C788-535B-46C8-BC5B-8769A7C29E4E}.Release|x64.ActiveCfg = Release|x64
		{E6B6C788-535B-46C8-BC5B-8769A7C29E4E}.Release|x64.Build.0 = Release|x64
		{E6B6C788-535B-46C8-BC5B-8769A7C29E4E}.Release|x86.ActiveCfg = Release|Win32
		{E6B6C788-535B-46C8-BC5B-8769A7C29E4E}.Release|x86.Build.0 = Release|Win32
		{1E496EAE-2D22-439C-BDD4-C5534E84A68F}.Debug|x64.ActiveCfg = Debug|x64
		{1E496EAE-2D22-439C-BDD4-C5534E84A68F}.Debug|x64.Build.0 = Debug|x64
		{1E496EAE-2D22-439C-BDD4-C5534E84A68F}.Debug|x86.ActiveCfg = Debug|Win32
		{1E496EAE-2D22-439C-BDD4-C5534E84A68F}.Debug|x86.Build.0 = Debug|Win32
		{1E496EAE-2D22-439C-BDD4-C5534E84A68F}.Release|x64.ActiveCfg = Release|x64
		{1E496EAE-2D22-439C-BDD4-C5534E84A68F}.Release|x64.Build.0 = Release|x64
		{1E496EAE-2D22-439C-BDD4-C5534E84A68F}.Release|x86.ActiveCfg = Release|Win32
		{1E496EAE-2D22-439C-BDD4-C5534E84A68F}.Release|x86.Build.0 = Release|Win32
		{D8A78688-6AF8-43DE-9AF9-0A846F950B82}.Debug|x64.ActiveCfg = Debug|x64
		{D8A78688-6AF8-43DE-9AF9-0A846F950B82}.Debug|x64.Build.0 = Debug|x64
		{D8A78688-6AF8-43DE-9AF9-0A846F950B82}.Debug|x86.ActiveCfg = Debug|Win32
		{D8A78688-6AF8-43DE-9AF9-0A846F950B82}.Debug|x86.Build.0 = Debug|Win32
		{D8A78688-6AF8-43DE-9AF9-0A846F950B82}.Release|x64.ActiveCfg = Release|x64
		{D8A78688-6AF8-43DE-9AF9-0A846F950B82}.Release|x64.Build.0 = Release|x64
		{D8A78688-6AF8-43DE-9AF9-0A846F950B82}.Release|x86.ActiveCfg = Release|Win32
		{D8A78688-6AF8-43DE-9AF9-0A846F950B82}.Release|x86.Build.0 = Release|Win32
		{EB3EB093-83E4-4CE4-9FFA-4CFACD3E5D9E}.Debug|x64.ActiveCfg = Debug|x64
		{EB3EB093-83E4-4CE4-9FFA-4CFACD3E5D9E}.Debug|x64.Build.0 = Debug|x64
		{EB3EB093-83E4-4CE4-9FFA-4CFACD3E5D9E}.Debug|x86.ActiveCfg = Debug|Win32
		{EB3EB093-83E4-4CE4-9FFA-4CFACD3E5D9E}.Debug|x86.Build.0 = Debug|Win32
		{EB3EB093-83E4-4CE4-9FFA-4CFACD3E5D9E}.Release|x64.ActiveCfg = Release|x64
		{EB3EB093-83E4-4CE4-9FFA-4CFACD3E5D9E}.Release|x64.Build.0 = Release|x64
		{EB3EB093-83E4-4CE4-9FFA-4CFACD3E5D9E}.Release|x86.ActiveCfg = Release|Win32
		{EB3EB093-83E4-4CE4-9FFA-4CFACD3E5D9E}.Release|x86.Build.0 = Release|Win32
		{71667A56-3C15-4262-88EB-7351F1F092B6}.Debug|x64.ActiveCfg = Debug|x64
		{71667A56-3C15-4262-88EB-7351F1F092B6}.Debug|x64.Build.0 = Debug|x64
		{71667A56-3C15-4262-88EB-7351F1F092B6}.Debug|x86.ActiveCfg = Debug|Win32
		{71667A56-3C15-4262-88EB-7351F1F092B6}.Debug|x86.Build.0 = Debug|Win32
		{71667A56-3C15-4262-88EB-7351F1F092B6}.Release|x64.ActiveCfg = Release|x64
		{71667A56-3C15-4262-88EB-7351F1F092B6}.Release|x64.Build.0 = Release|x64
		{71667A56-3C15-4262-88EB-7351F1F092B6}.Release|x86.ActiveCfg = Release|Win32
		{71667A56-3C15-4262-88EB-7351F1F092B6}.Release|x86.Build.0 = Release|Win32
		{26DF818C-E6D2-4E54-BCAD-A981CD789FC2}.Debug|x64.ActiveCfg = Debug|x64
		{26DF818C-E6D2-4E54-BCAD-A981CD789FC2}.Debug|x64.Build.0 = Debug|x64
		{26DF818C-E6D2-4E54-BCAD-A981CD789FC2}.Debug|x86.ActiveCfg = Debug|Win32
		{26DF818C-E6D2-4E54-BCAD-A981CD789FC2}.Debug|x86.Build.0 = Debug|Win32
		{26DF818C-E6D2-4E54-BCAD-A981CD789FC2}.Release|x64.ActiveCfg = Release|x64
		{26DF818C-E6D2-4E54-BCAD-A981CD789FC2}.Release|x64.Build.0 = Release|x64
		{26DF818C-E6D2-4E54-BCAD-A981CD789FC2}.Release|x86.ActiveCfg = Release|Win32
		{26DF818C-E6D2-4E54-BCAD-A981CD789FC2}.Release|x86.Build.0 = Release|Win32
		{BCF5CD95-3BC5-495A-9A58-6E57A1C7E7F1}.Debug|x64.ActiveCfg = Debug|x64
		{BCF5CD95-3BC5-495A-9A58-6E57A1C7E7F1}.Debug|x64.Build.0 = Debug|x64
		{BCF5CD95-3BC5-495A-9A58-6E57A1C7E7F1}.Debug|x86.ActiveCfg = Debug|Win32
		{BCF5CD95-3BC5-495A-9A58-6E57A1C7E7F1}.Debug|x86.Build.0 = Debug|Win32
		{BCF5CD95-3BC5-495A-9A58-6E57A1C7E7F1}.Release|x64.ActiveCfg = Release|x64
		{BCF5CD95-3BC5-495A-9A58-6E57A1C7E7F1}.Release|x64.Build.0 = Release|x64
		{BCF5CD95-3BC5-495A-9A58-6E57A1C7E7F1}.Release|x86.ActiveCfg = Release|Win32
		{BCF5CD95-3BC5-495A-9A58-6E57A1C7E7F1}.Release|x86.Build.0 = Release|Win32
		{E502FE34-0709-4F7F-903A-879F5EFB0495}.Debug|x64.ActiveCfg = Debug|x64
		{E502FE34-0709-4F7F-903A-879F5EFB0495}.Debug|x64.Build.0 = Debug|x64
		{E502FE34-0709-4F7F-903A-879F5EFB0495}.Debug|x86.ActiveCfg = Debug|Win32
		{E502FE34-0709-4F7F-903A-879F5EFB0495}.Debug|x86.Build.0 = Debug|Win32
		{E502FE34-0709-4F7F-903A-879F5EFB0495}.Release|x64.ActiveCfg = Release|x64
		{E502FE34-0709-4F7F-903A-879F5EFB0495}.Release|x64.Build.0 = Release|x64
		{E502FE34-0709-4F7F-903A-879F5EFB0495}.Release|x86.ActiveCfg = Release|Win32
		{E502FE34-0709-4F7F-903A-879F5EFB0495}.Release|x86.Build.0 = Release|Win32
		{0321E793-E01C-4C26-AFF6-28A4A07427A8}.Debug|x64.ActiveCfg = Debug|x64
		{0321E793-E01C-4C26-AFF6-28A4A07427A8}.Debug|x64.Build.0 = Debug|x64
		{0321E793-E01C-4C26-AFF6-28A4A07427A8}.Debug|x86.ActiveCfg = Debug|Win32
		{0321E793-E01C-4C26-AFF6-28A4A07427A8}.Debug|x86.Build.0 = Debug|Win32
		{0321E793-E01C-4C26-AFF6-28A4A07427A8}.Release|x64.ActiveCfg = Release|x64
		{0321E793-E01C-4C26-AFF6-28A4A07427A8}.Release|x64.Build.0 = Release|x64
		{0321E793-E01C-4C26-AFF6-28A4A07427A8}.Release|x86.ActiveCfg = Release|Win32
		{0321E793-E01C-4C26-AFF6-28A4A07427A8}.Release|x86.Build.0 = Release|Win32
		{FB6C4C10-BA3F-4B3E-B043-CE716D397303}.Debug|x64.ActiveCfg = Debug|x64
		{FB6C4C10-BA3F-4B3E-B043-CE716D397303}.Debug|x64.Build.0 = Debug|x64
		{FB6C4C10-BA3F-4B3E-B043-CE716D397303}.Debug|x86.ActiveCfg = Debug|Win32
		{FB6C4C10-BA3F-4B3E-B043-CE716D397303}.Debug|x86.Build.0 = Debug|Win32
		{FB6C4C10-BA3F-4B3E-B043-CE716D397303}.Release|x64.ActiveCfg = Release|x64
		{FB6C4C10-BA3F-4B3E-B043-CE716D397303}.Release|x64.Build.0 = Release|x64
		{FB6C4C10-BA3F-4B3E-B043-CE716D397303}.Release|x86.ActiveCfg = Release|Win32
		{FB6C4C10-BA3F-4B3E-B043-CE716D397303}.Release|x86.Build.0 = Release|Win32
		{97C141B3-18A0-46AB-BFAF-CDEF1B87B165}.Debug|x64.ActiveCfg = Debug|x64
		{97C141B3-18A0-46AB-BFAF-CDEF1B87B165}.Debug|x64.Build.0 = Debug|x64
		{97C141B3-18A0-46AB-BFAF-CDEF1B87B165}.Debug|x86.ActiveCfg = Debug|Win32
		{97C141B3-18A0-46AB-BFAF-CDEF1B87B165}.Debug|x86.Build.0 = Debug|Win32
		{97C141B3-18A0-46AB-BFAF-CDEF1B87B165}.Release|x64.ActiveCfg = Release|x64
		{97C141B3-18A0-46AB-BFAF-CDEF1B87B165}.Release|x64.Build.0 = Release|x64
		{97C141B3-18A0-46AB-BFAF-CDEF1B87B165}.Release|x86.ActiveCfg = Release|Win32
		{97C141B3-18A0-46AB-BFAF-CDEF1B87B165}.Release|x86.Build.0 = Release|Win32
		{372A5C89-BA5F-4857-BD93-CFFEF9D54976}.Debug|x64.ActiveCfg = Debug|x64
		{372A5C89-BA5F-4857-BD93-CFFEF9D54976}.Debug|x64.Build.0 = Debug|x64
		{372A5C89-BA5F-4857-BD93-CFFEF9D54976}.Debug|x86.ActiveCfg = Debug|Win32
		{372A5C89-BA5F-4857-BD93-CFFEF9D54976}.Debug|x86.Build.0 = Debug|Win32
		{372A5C89-BA5F-4857-BD93-CFFEF9D54976}.Release|x64.ActiveCfg = Release|x64
		{372A5C89-BA5F-4857-BD93-CFFEF9D54976}.Release|x64.Build.0 = Release|x64
		{372A5C89-BA5F-4857-BD93-CFFEF9D54976}.Release|x86.ActiveCfg = Release|Win32
		{372A5C89-BA5F-4857-BD93-CFFEF9D54976}.Release|x86.Build.0 = Release|Win32
	EndGlobalSection
	GlobalSection(SolutionProperties) = preSolution
		HideSolutionNode = FALSE
	EndGlobalSection
	GlobalSection(ExtensibilityGlobals) = postSolution
		SolutionGuid = {9545C3CD-448F-4C13-8E88-20226C001344}
	EndGlobalSection
EndGlobal
